{
  "name": "centralserver",
  "version": "1.0.0",
  "lockfileVersion": 1,
  "requires": true,
  "dependencies": {
    "@sinonjs/formatio": {
      "version": "2.0.0",
      "resolved": "https://registry.npmjs.org/@sinonjs/formatio/-/formatio-2.0.0.tgz",
      "integrity": "sha512-ls6CAMA6/5gG+O/IdsBcblvnd8qcO/l1TYoNeAzp3wcISOxlPXQEus0mLcdwazEkWjaBdaJ3TaxmNgCLWwvWzg==",
      "requires": {
        "samsam": "1.3.0"
      }
    },
    "acorn": {
      "version": "3.3.0",
      "resolved": "https://registry.npmjs.org/acorn/-/acorn-3.3.0.tgz",
      "integrity": "sha1-ReN/s56No/JbruP/U2niu18iAXo="
    },
    "ajv": {
      "version": "4.11.8",
      "resolved": "https://registry.npmjs.org/ajv/-/ajv-4.11.8.tgz",
      "integrity": "sha1-gv+wKynmYq5TvcIK8VlHcGc5xTY=",
      "requires": {
        "co": "4.6.0",
        "json-stable-stringify": "1.0.1"
      }
    },
    "asn1": {
      "version": "0.2.3",
      "resolved": "https://registry.npmjs.org/asn1/-/asn1-0.2.3.tgz",
      "integrity": "sha1-2sh4dxPJlmhJ/IGAd36+nB3fO4Y="
    },
    "assert-plus": {
      "version": "0.2.0",
      "resolved": "https://registry.npmjs.org/assert-plus/-/assert-plus-0.2.0.tgz",
      "integrity": "sha1-104bh+ev/A24qttwIfP+SBAasjQ="
    },
    "assertion-error": {
      "version": "1.1.0",
      "resolved": "https://registry.npmjs.org/assertion-error/-/assertion-error-1.1.0.tgz",
      "integrity": "sha512-jgsaNduz+ndvGyFt3uSuWqvy4lCnIJiovtouQN5JZHOKCS2QuhEdbcQHFhVksz2N2U9hXJo8odG7ETyWlEeuDw==",
      "dev": true
    },
    "async": {
      "version": "1.5.2",
      "resolved": "https://registry.npmjs.org/async/-/async-1.5.2.tgz",
      "integrity": "sha1-7GphrlZIDAw8skHJVhjiCJL5Zyo=",
      "dev": true
    },
    "asynckit": {
      "version": "0.4.0",
      "resolved": "https://registry.npmjs.org/asynckit/-/asynckit-0.4.0.tgz",
      "integrity": "sha1-x57Zf380y48robyXkLzDZkdLS3k="
    },
    "aws-sign2": {
      "version": "0.6.0",
      "resolved": "https://registry.npmjs.org/aws-sign2/-/aws-sign2-0.6.0.tgz",
      "integrity": "sha1-FDQt0428yU0OW4fXY81jYSwOeU8="
    },
    "aws4": {
      "version": "1.6.0",
      "resolved": "https://registry.npmjs.org/aws4/-/aws4-1.6.0.tgz",
      "integrity": "sha1-g+9cqGCysy5KDe7e6MdxudtXRx4="
    },
    "bcrypt-pbkdf": {
      "version": "1.0.1",
      "resolved": "https://registry.npmjs.org/bcrypt-pbkdf/-/bcrypt-pbkdf-1.0.1.tgz",
      "integrity": "sha1-Y7xdy2EzG5K8Bf1SiVPDNGKgb40=",
      "optional": true,
      "requires": {
        "tweetnacl": "0.14.5"
      }
    },
    "bindings": {
      "version": "1.2.1",
      "resolved": "https://registry.npmjs.org/bindings/-/bindings-1.2.1.tgz",
      "integrity": "sha1-FK1hE4EtLTfXLme0ystLtyZQXxE=",
      "optional": true
    },
    "bluebird": {
      "version": "2.9.34",
      "resolved": "https://registry.npmjs.org/bluebird/-/bluebird-2.9.34.tgz",
      "integrity": "sha1-L3tOyAIWMoqf3evfacjUlC/v99g="
    },
    "boom": {
      "version": "2.10.1",
      "resolved": "https://registry.npmjs.org/boom/-/boom-2.10.1.tgz",
      "integrity": "sha1-OciRjO/1eZ+D+UkqhI9iWt0Mdm8=",
      "requires": {
        "hoek": "2.16.3"
      }
    },
    "caseless": {
      "version": "0.12.0",
      "resolved": "https://registry.npmjs.org/caseless/-/caseless-0.12.0.tgz",
      "integrity": "sha1-G2gcIf+EAzyCZUMJBolCDRhxUdw="
    },
    "chai": {
      "version": "4.1.2",
      "resolved": "https://registry.npmjs.org/chai/-/chai-4.1.2.tgz",
      "integrity": "sha1-D2RYS6ZC8PKs4oBiefTwbKI61zw=",
      "dev": true,
      "requires": {
        "assertion-error": "1.1.0",
        "check-error": "1.0.2",
        "deep-eql": "3.0.1",
        "get-func-name": "2.0.0",
        "pathval": "1.1.0",
        "type-detect": "4.0.8"
      }
    },
    "chai-as-promised": {
      "version": "7.1.1",
      "resolved": "https://registry.npmjs.org/chai-as-promised/-/chai-as-promised-7.1.1.tgz",
      "integrity": "sha512-azL6xMoi+uxu6z4rhWQ1jbdUhOMhis2PvscD/xjLqNMkv3BPPp2JyyuTHOrf9BOosGpNQ11v6BKv/g57RXbiaA==",
      "requires": {
        "check-error": "1.0.2"
      }
    },
    "chai-http": {
      "version": "3.0.0",
      "resolved": "https://registry.npmjs.org/chai-http/-/chai-http-3.0.0.tgz",
      "integrity": "sha1-VGDYA24fGhKwtbXL1Snm3B0x60s=",
      "dev": true,
      "requires": {
        "cookiejar": "2.0.6",
        "is-ip": "1.0.0",
        "methods": "1.1.2",
        "qs": "6.5.1",
        "superagent": "2.3.0"
      }
    },
    "check-error": {
      "version": "1.0.2",
      "resolved": "https://registry.npmjs.org/check-error/-/check-error-1.0.2.tgz",
      "integrity": "sha1-V00xLt2Iu13YkS6Sht1sCu1KrII="
    },
    "circular-json": {
      "version": "0.4.0",
      "resolved": "https://registry.npmjs.org/circular-json/-/circular-json-0.4.0.tgz",
      "integrity": "sha512-tKV502ADgm9Z37s6B1QOohegjJJrCl2iyMMb1+8ITHrh1fquW8Jdbkb4s5r4Iwutr1UfL1qvkqvc1wZZlLvwow=="
    },
    "clone": {
      "version": "0.2.0",
      "resolved": "https://registry.npmjs.org/clone/-/clone-0.2.0.tgz",
      "integrity": "sha1-xhJqkK1Pctv1rNskPMN3JP6T/B8="
    },
    "co": {
      "version": "4.6.0",
      "resolved": "https://registry.npmjs.org/co/-/co-4.6.0.tgz",
      "integrity": "sha1-bqa989hTrlTMuOR7+gvz+QMfsYQ="
    },
    "combined-stream": {
      "version": "1.0.5",
      "resolved": "https://registry.npmjs.org/combined-stream/-/combined-stream-1.0.5.tgz",
      "integrity": "sha1-k4NwpXtKUd6ix3wV1cX9+JUWQAk=",
      "requires": {
        "delayed-stream": "1.0.0"
      }
    },
    "component-emitter": {
      "version": "1.2.1",
      "resolved": "https://registry.npmjs.org/component-emitter/-/component-emitter-1.2.1.tgz",
      "integrity": "sha1-E3kY1teCg/ffemt8WmPhQOaUJeY=",
      "dev": true
    },
    "cookiejar": {
      "version": "2.0.6",
      "resolved": "https://registry.npmjs.org/cookiejar/-/cookiejar-2.0.6.tgz",
      "integrity": "sha1-Cr81atANHFohnYjURRgEbdAmrP4=",
      "dev": true
    },
    "core-util-is": {
      "version": "1.0.2",
      "resolved": "https://registry.npmjs.org/core-util-is/-/core-util-is-1.0.2.tgz",
      "integrity": "sha1-tf1UIgqivFq1eqtxQMlAdUUDwac="
    },
    "cryptiles": {
      "version": "2.0.5",
      "resolved": "https://registry.npmjs.org/cryptiles/-/cryptiles-2.0.5.tgz",
      "integrity": "sha1-O9/s3GCBR8HGcgL6KR59ylnqo7g=",
      "requires": {
        "boom": "2.10.1"
      }
    },
    "dashdash": {
      "version": "1.14.1",
      "resolved": "https://registry.npmjs.org/dashdash/-/dashdash-1.14.1.tgz",
      "integrity": "sha1-hTz6D3y+L+1d4gMmuN1YEDX24vA=",
      "requires": {
        "assert-plus": "1.0.0"
      },
      "dependencies": {
        "assert-plus": {
          "version": "1.0.0",
          "resolved": "https://registry.npmjs.org/assert-plus/-/assert-plus-1.0.0.tgz",
          "integrity": "sha1-8S4PPF13sLHN2RRpQuTpbB5N1SU="
        }
      }
    },
    "debug": {
      "version": "2.6.9",
      "resolved": "https://registry.npmjs.org/debug/-/debug-2.6.9.tgz",
      "integrity": "sha512-bC7ElrdJaJnPbAP+1EotYvqZsb3ecl5wi6Bfi6BJTUcNowp6cvspg0jXznRTKDjm/E7AdgFBVeAPVMNcKGsHMA==",
      "dev": true,
      "requires": {
        "ms": "2.0.0"
      }
    },
    "deep-eql": {
      "version": "3.0.1",
      "resolved": "https://registry.npmjs.org/deep-eql/-/deep-eql-3.0.1.tgz",
      "integrity": "sha512-+QeIQyN5ZuO+3Uk5DYh6/1eKO0m0YmJFGNmFHGACpf1ClL1nmlV/p4gNgbl2pJGxgXb4faqo6UE+M5ACEMyVcw==",
      "dev": true,
      "requires": {
        "type-detect": "4.0.8"
      }
    },
    "define-property": {
      "version": "0.2.5",
      "resolved": "https://registry.npmjs.org/define-property/-/define-property-0.2.5.tgz",
      "integrity": "sha1-w1se+RjsPJkPmlvFe+BKrOxcgRY=",
      "requires": {
        "is-descriptor": "0.1.6"
      }
    },
    "delayed-stream": {
      "version": "1.0.0",
      "resolved": "https://registry.npmjs.org/delayed-stream/-/delayed-stream-1.0.0.tgz",
      "integrity": "sha1-3zrhmayt+31ECqrgsp4icrJOxhk="
    },
    "diff": {
      "version": "3.5.0",
      "resolved": "https://registry.npmjs.org/diff/-/diff-3.5.0.tgz",
      "integrity": "sha512-A46qtFgd+g7pDZinpnwiRJtxbC1hpgf0uzP3iG89scHk0AUC7A1TGxf5OiiOUv/JMZR8GOt8hL900hV0bOy5xA=="
    },
    "ecc-jsbn": {
      "version": "0.1.1",
      "resolved": "https://registry.npmjs.org/ecc-jsbn/-/ecc-jsbn-0.1.1.tgz",
      "integrity": "sha1-D8c6ntXw1Tw4GTOYUj735UN3dQU=",
      "optional": true,
      "requires": {
        "jsbn": "0.1.1"
      }
    },
    "extend": {
      "version": "3.0.1",
      "resolved": "https://registry.npmjs.org/extend/-/extend-3.0.1.tgz",
      "integrity": "sha1-p1Xqe8Gt/MWjHOfnYtuq3F5jZEQ="
    },
    "extsprintf": {
      "version": "1.3.0",
      "resolved": "https://registry.npmjs.org/extsprintf/-/extsprintf-1.3.0.tgz",
      "integrity": "sha1-lpGEQOMEGnpBT4xS48V06zw+HgU="
    },
    "fast.js": {
      "version": "0.1.1",
      "resolved": "https://registry.npmjs.org/fast.js/-/fast.js-0.1.1.tgz",
      "integrity": "sha1-fAJNVa4USIL7zuRLeQBf4tyr2f4="
    },
    "fill-keys": {
      "version": "1.0.2",
      "resolved": "https://registry.npmjs.org/fill-keys/-/fill-keys-1.0.2.tgz",
      "integrity": "sha1-mo+jb06K1jTjv2tPPIiCVRRS6yA=",
      "requires": {
        "is-object": "1.0.1",
        "merge-descriptors": "1.0.1"
      }
    },
    "forever-agent": {
      "version": "0.6.1",
      "resolved": "https://registry.npmjs.org/forever-agent/-/forever-agent-0.6.1.tgz",
      "integrity": "sha1-+8cfDEGt6zf5bFd60e1C2P2sypE="
    },
    "form-data": {
      "version": "2.1.4",
      "resolved": "https://registry.npmjs.org/form-data/-/form-data-2.1.4.tgz",
      "integrity": "sha1-M8GDrPGTJ27KqYFDpp6Uv+4XUNE=",
      "requires": {
        "asynckit": "0.4.0",
        "combined-stream": "1.0.5",
        "mime-types": "https://registry.npmjs.org/mime-types/-/mime-types-2.1.16.tgz"
      }
    },
    "formidable": {
      "version": "1.1.1",
      "resolved": "https://registry.npmjs.org/formidable/-/formidable-1.1.1.tgz",
      "integrity": "sha1-lriIb3w8NQi5Mta9cMTTqI818ak=",
      "dev": true
    },
    "get-func-name": {
      "version": "2.0.0",
      "resolved": "https://registry.npmjs.org/get-func-name/-/get-func-name-2.0.0.tgz",
      "integrity": "sha1-6td0q+5y4gQJQzoGY2YCPdaIekE=",
      "dev": true
    },
    "getpass": {
      "version": "0.1.7",
      "resolved": "https://registry.npmjs.org/getpass/-/getpass-0.1.7.tgz",
      "integrity": "sha1-Xv+OPmhNVprkyysSgmBOi6YhSfo=",
      "requires": {
        "assert-plus": "1.0.0"
      },
      "dependencies": {
        "assert-plus": {
          "version": "1.0.0",
          "resolved": "https://registry.npmjs.org/assert-plus/-/assert-plus-1.0.0.tgz",
          "integrity": "sha1-8S4PPF13sLHN2RRpQuTpbB5N1SU="
        }
      }
    },
    "har-schema": {
      "version": "1.0.5",
      "resolved": "https://registry.npmjs.org/har-schema/-/har-schema-1.0.5.tgz",
      "integrity": "sha1-0mMTX0MwfALGAq/I/pWXDAFRNp4="
    },
    "har-validator": {
      "version": "4.2.1",
      "resolved": "https://registry.npmjs.org/har-validator/-/har-validator-4.2.1.tgz",
      "integrity": "sha1-M0gdDxu/9gDdID11gSpqX7oALio=",
      "requires": {
        "ajv": "4.11.8",
        "har-schema": "1.0.5"
      }
    },
    "has-flag": {
      "version": "3.0.0",
      "resolved": "https://registry.npmjs.org/has-flag/-/has-flag-3.0.0.tgz",
      "integrity": "sha1-tdRU3CGZriJWmfNGfloH87lVuv0="
    },
    "hawk": {
      "version": "3.1.3",
      "resolved": "https://registry.npmjs.org/hawk/-/hawk-3.1.3.tgz",
      "integrity": "sha1-B4REvXwWQLD+VA0sm3PVlnjo4cQ=",
      "requires": {
        "boom": "2.10.1",
        "cryptiles": "2.0.5",
        "hoek": "2.16.3",
        "sntp": "1.0.9"
      }
    },
    "hoek": {
      "version": "2.16.3",
      "resolved": "https://registry.npmjs.org/hoek/-/hoek-2.16.3.tgz",
      "integrity": "sha1-ILt0A9POo5jpHcRxCo/xuCdKJe0="
    },
    "http-signature": {
      "version": "1.1.1",
      "resolved": "https://registry.npmjs.org/http-signature/-/http-signature-1.1.1.tgz",
      "integrity": "sha1-33LiZwZs0Kxn+3at+OE0qPvPkb8=",
      "requires": {
        "assert-plus": "0.2.0",
        "jsprim": "1.4.1",
        "sshpk": "1.13.1"
      }
    },
    "inherits": {
      "version": "2.0.3",
      "resolved": "https://registry.npmjs.org/inherits/-/inherits-2.0.3.tgz",
      "integrity": "sha1-Yzwsg+PaQqUC9SRmAiSA9CCCYd4=",
      "dev": true
    },
    "ip-regex": {
      "version": "1.0.3",
      "resolved": "https://registry.npmjs.org/ip-regex/-/ip-regex-1.0.3.tgz",
      "integrity": "sha1-3FiQdvZZ9BnCIgOaMzFvHHOH7/0=",
      "dev": true
    },
    "is-accessor-descriptor": {
      "version": "0.1.6",
      "resolved": "https://registry.npmjs.org/is-accessor-descriptor/-/is-accessor-descriptor-0.1.6.tgz",
      "integrity": "sha1-qeEss66Nh2cn7u84Q/igiXtcmNY=",
      "requires": {
        "kind-of": "3.2.2"
      },
      "dependencies": {
        "kind-of": {
          "version": "3.2.2",
          "resolved": "https://registry.npmjs.org/kind-of/-/kind-of-3.2.2.tgz",
          "integrity": "sha1-MeohpzS6ubuw8yRm2JOupR5KPGQ=",
          "requires": {
            "is-buffer": "1.1.6"
          }
        }
      }
    },
    "is-buffer": {
      "version": "1.1.6",
      "resolved": "https://registry.npmjs.org/is-buffer/-/is-buffer-1.1.6.tgz",
      "integrity": "sha512-NcdALwpXkTm5Zvvbk7owOUSvVvBKDgKP5/ewfXEznmQFfs4ZRmanOeKBTjRVjka3QFoN6XJ+9F3USqfHqTaU5w=="
    },
    "is-data-descriptor": {
      "version": "0.1.4",
      "resolved": "https://registry.npmjs.org/is-data-descriptor/-/is-data-descriptor-0.1.4.tgz",
      "integrity": "sha1-C17mSDiOLIYCgueT8YVv7D8wG1Y=",
      "requires": {
        "kind-of": "3.2.2"
      },
      "dependencies": {
        "kind-of": {
          "version": "3.2.2",
          "resolved": "https://registry.npmjs.org/kind-of/-/kind-of-3.2.2.tgz",
          "integrity": "sha1-MeohpzS6ubuw8yRm2JOupR5KPGQ=",
          "requires": {
            "is-buffer": "1.1.6"
          }
        }
      }
    },
    "is-descriptor": {
      "version": "0.1.6",
      "resolved": "https://registry.npmjs.org/is-descriptor/-/is-descriptor-0.1.6.tgz",
      "integrity": "sha1-Nm2CQN3kh8pRgjsaufB6EKeCUco=",
      "requires": {
        "is-accessor-descriptor": "0.1.6",
        "is-data-descriptor": "0.1.4",
        "kind-of": "5.1.0"
      }
    },
    "is-ip": {
      "version": "1.0.0",
      "resolved": "https://registry.npmjs.org/is-ip/-/is-ip-1.0.0.tgz",
      "integrity": "sha1-K7aVn3l8zW+f3IEnWLy8h8TFkHQ=",
      "dev": true,
      "requires": {
        "ip-regex": "1.0.3"
      }
    },
    "is-object": {
      "version": "1.0.1",
      "resolved": "https://registry.npmjs.org/is-object/-/is-object-1.0.1.tgz",
      "integrity": "sha1-iVJojF7C/9awPsyF52ngKQMINHA="
    },
    "is-typedarray": {
      "version": "1.0.0",
      "resolved": "https://registry.npmjs.org/is-typedarray/-/is-typedarray-1.0.0.tgz",
      "integrity": "sha1-5HnICFjfDBsR3dppQPlgEfzaSpo="
    },
    "isarray": {
      "version": "1.0.0",
      "resolved": "https://registry.npmjs.org/isarray/-/isarray-1.0.0.tgz",
      "integrity": "sha1-u5NdSFgsuhaMBoNJV6VKPgcSTxE=",
      "dev": true
    },
    "isstream": {
      "version": "0.1.2",
      "resolved": "https://registry.npmjs.org/isstream/-/isstream-0.1.2.tgz",
      "integrity": "sha1-R+Y/evVa+m+S4VAOaQ64uFKcCZo="
    },
    "jsan": {
      "version": "3.1.9",
      "resolved": "https://registry.npmjs.org/jsan/-/jsan-3.1.9.tgz",
      "integrity": "sha1-JwVnbBBY8KfZrCZq0Daldpz6fJY="
    },
    "jsbn": {
      "version": "0.1.1",
      "resolved": "https://registry.npmjs.org/jsbn/-/jsbn-0.1.1.tgz",
      "integrity": "sha1-peZUwuWi3rXyAdls77yoDA7y9RM=",
      "optional": true
    },
    "json-cycle": {
      "version": "1.3.0",
      "resolved": "https://registry.npmjs.org/json-cycle/-/json-cycle-1.3.0.tgz",
      "integrity": "sha512-FD/SedD78LCdSvJaOUQAXseT8oQBb5z6IVYaQaCrVUlu9zOAr1BDdKyVYQaSD/GDsAMrXpKcOyBD4LIl8nfjHw=="
    },
    "json-schema": {
      "version": "0.2.3",
      "resolved": "https://registry.npmjs.org/json-schema/-/json-schema-0.2.3.tgz",
      "integrity": "sha1-tIDIkuWaLwWVTOcnvT8qTogvnhM="
    },
    "json-stable-stringify": {
      "version": "1.0.1",
      "resolved": "https://registry.npmjs.org/json-stable-stringify/-/json-stable-stringify-1.0.1.tgz",
      "integrity": "sha1-mnWdOcXy/1A/1TAGRu1EX4jE+a8=",
      "requires": {
        "jsonify": "0.0.0"
      }
    },
    "json-stringify-safe": {
      "version": "5.0.1",
      "resolved": "https://registry.npmjs.org/json-stringify-safe/-/json-stringify-safe-5.0.1.tgz",
      "integrity": "sha1-Epai1Y/UXxmg9s4B1lcB4sc1tus="
    },
    "jsonify": {
      "version": "0.0.0",
      "resolved": "https://registry.npmjs.org/jsonify/-/jsonify-0.0.0.tgz",
      "integrity": "sha1-LHS27kHZPKUbe1qu6PUDYx0lKnM="
    },
    "jsprim": {
      "version": "1.4.1",
      "resolved": "https://registry.npmjs.org/jsprim/-/jsprim-1.4.1.tgz",
      "integrity": "sha1-MT5mvB5cwG5Di8G3SZwuXFastqI=",
      "requires": {
        "assert-plus": "1.0.0",
        "extsprintf": "1.3.0",
        "json-schema": "0.2.3",
        "verror": "1.10.0"
      },
      "dependencies": {
        "assert-plus": {
          "version": "1.0.0",
          "resolved": "https://registry.npmjs.org/assert-plus/-/assert-plus-1.0.0.tgz",
          "integrity": "sha1-8S4PPF13sLHN2RRpQuTpbB5N1SU="
        }
      }
    },
    "just-extend": {
      "version": "1.1.27",
      "resolved": "https://registry.npmjs.org/just-extend/-/just-extend-1.1.27.tgz",
      "integrity": "sha512-mJVp13Ix6gFo3SBAy9U/kL+oeZqzlYYYLQBwXVBlVzIsZwBqGREnOro24oC/8s8aox+rJhtZ2DiQof++IrkA+g=="
    },
    "kind-of": {
      "version": "5.1.0",
      "resolved": "https://registry.npmjs.org/kind-of/-/kind-of-5.1.0.tgz",
      "integrity": "sha512-NGEErnH6F2vUuXDh+OlbcKW7/wOcfdRHaZ7VWtqCztfHri/++YKmP51OdWeGPuqCOba6kk2OTe5d02VmTB80Pw=="
    },
    "lodash.get": {
      "version": "4.4.2",
      "resolved": "https://registry.npmjs.org/lodash.get/-/lodash.get-4.4.2.tgz",
      "integrity": "sha1-LRd/ZS+jHpObRDjVNBSZ36OCXpk="
    },
    "lolex": {
      "version": "2.3.2",
      "resolved": "https://registry.npmjs.org/lolex/-/lolex-2.3.2.tgz",
      "integrity": "sha512-A5pN2tkFj7H0dGIAM6MFvHKMJcPnjZsOMvR7ujCjfgW5TbV6H9vb1PgxLtHvjqNZTHsUolz+6/WEO0N1xNx2ng=="
    },
    "long": {
      "version": "2.1.0",
      "resolved": "https://registry.npmjs.org/long/-/long-2.1.0.tgz",
      "integrity": "sha1-6Xk5ohpla3qIuocco0qvMrJcDLE="
    },
    "merge-descriptors": {
      "version": "1.0.1",
      "resolved": "https://registry.npmjs.org/merge-descriptors/-/merge-descriptors-1.0.1.tgz",
      "integrity": "sha1-sAqqVW3YtEVoFQ7J0blT8/kMu2E="
    },
    "methods": {
      "version": "1.1.2",
      "resolved": "https://registry.npmjs.org/methods/-/methods-1.1.2.tgz",
      "integrity": "sha1-VSmk1nZUE07cxSZmVoNbD4Ua/O4=",
      "dev": true
    },
    "mime": {
      "version": "1.6.0",
      "resolved": "https://registry.npmjs.org/mime/-/mime-1.6.0.tgz",
      "integrity": "sha512-x0Vn8spI+wuJ1O6S7gnbaQg8Pxh4NNHb7KSINmEWKiPE4RKOplvijn+NkmYmmRgP68mc70j2EbeTFRsrswaQeg==",
      "dev": true
    },
    "mime-db": {
      "version": "https://registry.npmjs.org/mime-db/-/mime-db-1.29.0.tgz",
      "integrity": "sha1-SNJtI1WJZRcErFkWygYAGRQmaHg="
    },
    "mime-types": {
      "version": "https://registry.npmjs.org/mime-types/-/mime-types-2.1.16.tgz",
      "integrity": "sha1-K4WKUuXs1RbbiXrCvodIeDBpjiM=",
      "requires": {
        "mime-db": "https://registry.npmjs.org/mime-db/-/mime-db-1.29.0.tgz"
      }
    },
    "minimist": {
      "version": "0.1.0",
      "resolved": "https://registry.npmjs.org/minimist/-/minimist-0.1.0.tgz",
      "integrity": "sha1-md9lelJXTCHJBXSX33QnkLK0wN4="
    },
    "module-not-found-error": {
      "version": "1.0.1",
      "resolved": "https://registry.npmjs.org/module-not-found-error/-/module-not-found-error-1.0.1.tgz",
      "integrity": "sha1-z4tP9PKWQGdNbN0CsOO8UjwrvcA="
    },
    "ms": {
      "version": "2.0.0",
      "resolved": "https://registry.npmjs.org/ms/-/ms-2.0.0.tgz",
      "integrity": "sha1-VgiurfwAvmwpAd9fmGF4jeDVl8g=",
      "dev": true
    },
    "nan": {
      "version": "2.7.0",
      "resolved": "https://registry.npmjs.org/nan/-/nan-2.7.0.tgz",
      "integrity": "sha1-2Vv3IeyHfgjbJ27T/G63j5CDrUY=",
      "optional": true
    },
    "nise": {
      "version": "1.3.0",
      "resolved": "https://registry.npmjs.org/nise/-/nise-1.3.0.tgz",
      "integrity": "sha512-U+Krdzhsw4losPP/Rij5UGTLQgS9gaWmXdRIbZQIQWVsUGDBo+N0m9mrY9CCEnmwssgswwydxLJUZtFfouC0gA==",
      "requires": {
        "@sinonjs/formatio": "2.0.0",
        "just-extend": "1.1.27",
        "lolex": "2.3.2",
        "path-to-regexp": "1.7.0",
        "text-encoding": "0.6.4"
      }
    },
    "node-biginteger": {
      "version": "0.0.10",
      "resolved": "https://registry.npmjs.org/node-biginteger/-/node-biginteger-0.0.10.tgz",
      "integrity": "sha1-Iys3PnTRy4z3Ij43s2KEQm4zPhw=",
      "requires": {
        "clone": "0.2.0",
        "long": "2.1.0"
      }
    },
    "oauth-sign": {
      "version": "0.8.2",
      "resolved": "https://registry.npmjs.org/oauth-sign/-/oauth-sign-0.8.2.tgz",
      "integrity": "sha1-Rqarfwrq2N6unsBWV4C31O/rnUM="
    },
    "orientjs": {
      "version": "2.2.7",
      "resolved": "https://registry.npmjs.org/orientjs/-/orientjs-2.2.7.tgz",
      "integrity": "sha1-gtxCgUILCSzYOKqgyML7V5UEiNM=",
      "requires": {
        "bluebird": "2.9.34",
        "fast.js": "0.1.1",
        "node-biginteger": "0.0.10",
        "orientjs-native": "2.2.2",
        "parse-function": "2.3.2",
        "request": "2.81.0",
        "yargs": "1.2.6"
      }
    },
    "orientjs-native": {
      "version": "2.2.2",
      "resolved": "https://registry.npmjs.org/orientjs-native/-/orientjs-native-2.2.2.tgz",
      "integrity": "sha1-9Fb/iblxiGfwR2Xn3YKo1aqBfCs=",
      "optional": true,
      "requires": {
        "bindings": "1.2.1",
        "nan": "2.7.0"
      }
    },
    "parse-function": {
      "version": "2.3.2",
      "resolved": "https://registry.npmjs.org/parse-function/-/parse-function-2.3.2.tgz",
      "integrity": "sha1-39WHqYYRgCS2aDwwzyUM9UMNJDk=",
      "requires": {
        "acorn": "3.3.0",
        "define-property": "0.2.5"
      }
    },
    "path-to-regexp": {
      "version": "1.7.0",
      "resolved": "https://registry.npmjs.org/path-to-regexp/-/path-to-regexp-1.7.0.tgz",
      "integrity": "sha1-Wf3g9DW62suhA6hOnTvGTpa5k30=",
      "requires": {
        "isarray": "0.0.1"
      },
      "dependencies": {
        "isarray": {
          "version": "0.0.1",
          "resolved": "https://registry.npmjs.org/isarray/-/isarray-0.0.1.tgz",
          "integrity": "sha1-ihis/Kmo9Bd+Cav8YDiTmwXR7t8="
        }
      }
    },
    "pathval": {
      "version": "1.1.0",
      "resolved": "https://registry.npmjs.org/pathval/-/pathval-1.1.0.tgz",
      "integrity": "sha1-uULm1L3mUwBe9rcTYd74cn0GReA=",
      "dev": true
    },
    "performance-now": {
      "version": "0.2.0",
      "resolved": "https://registry.npmjs.org/performance-now/-/performance-now-0.2.0.tgz",
      "integrity": "sha1-M+8wxcd9TqIcWlOGnZG1bY8lVeU="
    },
    "process-nextick-args": {
      "version": "2.0.0",
      "resolved": "https://registry.npmjs.org/process-nextick-args/-/process-nextick-args-2.0.0.tgz",
      "integrity": "sha512-MtEC1TqN0EU5nephaJ4rAtThHtC86dNN9qCuEhtshvpVBkAW5ZO7BASN9REnF9eoXGcRub+pFuKEpOHE+HbEMw==",
      "dev": true
    },
    "proxyquire": {
      "version": "2.0.0",
      "resolved": "https://registry.npmjs.org/proxyquire/-/proxyquire-2.0.0.tgz",
      "integrity": "sha512-TO9TAIz0mpa+SKddXsgCFatoe/KmHvoNVj2jDMC1kXE6kKn7/4CRpxvQ+0wAK9sbMT2FVO89qItlvnZMcFbJ2Q==",
      "requires": {
        "fill-keys": "1.0.2",
        "module-not-found-error": "1.0.1",
        "resolve": "1.1.7"
      }
    },
    "punycode": {
      "version": "1.4.1",
      "resolved": "https://registry.npmjs.org/punycode/-/punycode-1.4.1.tgz",
      "integrity": "sha1-wNWmOycYgArY4esPpSachN1BhF4="
    },
    "qs": {
      "version": "6.5.1",
      "resolved": "https://registry.npmjs.org/qs/-/qs-6.5.1.tgz",
      "integrity": "sha512-eRzhrN1WSINYCDCbrz796z37LOe3m5tmW7RQf6oBntukAG1nmovJvhnwHHRMAfeoItc1m2Hk02WER2aQ/iqs+A==",
      "dev": true
    },
    "readable-stream": {
      "version": "2.3.5",
      "resolved": "https://registry.npmjs.org/readable-stream/-/readable-stream-2.3.5.tgz",
      "integrity": "sha512-tK0yDhrkygt/knjowCUiWP9YdV7c5R+8cR0r/kt9ZhBU906Fs6RpQJCEilamRJj1Nx2rWI6LkW9gKqjTkshhEw==",
      "dev": true,
      "requires": {
        "core-util-is": "1.0.2",
        "inherits": "2.0.3",
        "isarray": "1.0.0",
        "process-nextick-args": "2.0.0",
        "safe-buffer": "5.1.1",
        "string_decoder": "1.0.3",
        "util-deprecate": "1.0.2"
      }
    },
    "request": {
      "version": "2.81.0",
      "resolved": "https://registry.npmjs.org/request/-/request-2.81.0.tgz",
      "integrity": "sha1-xpKJRqDgbF+Nb4qTM0af/aRimKA=",
      "requires": {
        "aws-sign2": "0.6.0",
        "aws4": "1.6.0",
        "caseless": "0.12.0",
        "combined-stream": "1.0.5",
        "extend": "3.0.1",
        "forever-agent": "0.6.1",
        "form-data": "2.1.4",
        "har-validator": "4.2.1",
        "hawk": "3.1.3",
        "http-signature": "1.1.1",
        "is-typedarray": "1.0.0",
        "isstream": "0.1.2",
        "json-stringify-safe": "5.0.1",
        "mime-types": "https://registry.npmjs.org/mime-types/-/mime-types-2.1.16.tgz",
        "oauth-sign": "0.8.2",
        "performance-now": "0.2.0",
        "qs": "6.4.0",
        "safe-buffer": "5.1.1",
        "stringstream": "0.0.5",
        "tough-cookie": "2.3.3",
        "tunnel-agent": "0.6.0",
        "uuid": "3.1.0"
      },
      "dependencies": {
        "qs": {
          "version": "6.4.0",
          "resolved": "https://registry.npmjs.org/qs/-/qs-6.4.0.tgz",
          "integrity": "sha1-E+JtKK1rD/qpExLNO/cI7TUecjM="
        }
      }
    },
    "resolve": {
      "version": "1.1.7",
      "resolved": "https://registry.npmjs.org/resolve/-/resolve-1.1.7.tgz",
      "integrity": "sha1-IDEU2CrSxe2ejgQRs5ModeiJ6Xs="
    },
    "safe-buffer": {
      "version": "5.1.1",
      "resolved": "https://registry.npmjs.org/safe-buffer/-/safe-buffer-5.1.1.tgz",
      "integrity": "sha1-iTMSr2myEj3vcfV4iQAWce6yyFM="
    },
    "samsam": {
      "version": "1.3.0",
      "resolved": "https://registry.npmjs.org/samsam/-/samsam-1.3.0.tgz",
      "integrity": "sha512-1HwIYD/8UlOtFS3QO3w7ey+SdSDFE4HRNLZoZRYVQefrOY3l17epswImeB1ijgJFQJodIaHcwkp3r/myBjFVbg=="
    },
    "should": {
      "version": "13.2.1",
      "resolved": "https://registry.npmjs.org/should/-/should-13.2.1.tgz",
      "integrity": "sha512-l+/NwEMO+DcstsHEwPHRHzC9j4UOE3VQwJGcMWSsD/vqpqHbnQ+1iSHy64Ihmmjx1uiRPD9pFadTSc3MJtXAgw==",
      "dev": true,
      "requires": {
        "should-equal": "2.0.0",
        "should-format": "3.0.3",
        "should-type": "1.4.0",
        "should-type-adaptors": "1.1.0",
        "should-util": "1.0.0"
      }
    },
    "should-equal": {
      "version": "2.0.0",
      "resolved": "https://registry.npmjs.org/should-equal/-/should-equal-2.0.0.tgz",
      "integrity": "sha512-ZP36TMrK9euEuWQYBig9W55WPC7uo37qzAEmbjHz4gfyuXrEUgF8cUvQVO+w+d3OMfPvSRQJ22lSm8MQJ43LTA==",
      "dev": true,
      "requires": {
        "should-type": "1.4.0"
      }
    },
    "should-format": {
      "version": "3.0.3",
      "resolved": "https://registry.npmjs.org/should-format/-/should-format-3.0.3.tgz",
      "integrity": "sha1-m/yPdPo5IFxT04w01xcwPidxJPE=",
      "dev": true,
      "requires": {
        "should-type": "1.4.0",
        "should-type-adaptors": "1.1.0"
      }
    },
    "should-sinon": {
      "version": "0.0.6",
      "resolved": "https://registry.npmjs.org/should-sinon/-/should-sinon-0.0.6.tgz",
      "integrity": "sha512-ScBOH5uW5QVFaONmUnIXANSR6z5B8IKzEmBP3HE5sPOCDuZ88oTMdUdnKoCVQdLcCIrRrhRLPS5YT+7H40a04g==",
      "dev": true
    },
    "should-type": {
      "version": "1.4.0",
      "resolved": "https://registry.npmjs.org/should-type/-/should-type-1.4.0.tgz",
      "integrity": "sha1-B1bYzoRt/QmEOmlHcZ36DUz/XPM=",
      "dev": true
    },
    "should-type-adaptors": {
      "version": "1.1.0",
      "resolved": "https://registry.npmjs.org/should-type-adaptors/-/should-type-adaptors-1.1.0.tgz",
      "integrity": "sha512-JA4hdoLnN+kebEp2Vs8eBe9g7uy0zbRo+RMcU0EsNy+R+k049Ki+N5tT5Jagst2g7EAja+euFuoXFCa8vIklfA==",
      "dev": true,
      "requires": {
        "should-type": "1.4.0",
        "should-util": "1.0.0"
      }
    },
    "should-util": {
      "version": "1.0.0",
      "resolved": "https://registry.npmjs.org/should-util/-/should-util-1.0.0.tgz",
      "integrity": "sha1-yYzaN0qmsZDfi6h8mInCtNtiAGM=",
      "dev": true
    },
    "sinon": {
      "version": "4.4.2",
      "resolved": "https://registry.npmjs.org/sinon/-/sinon-4.4.2.tgz",
      "integrity": "sha512-cpOHpnRyY3Dk9dTHBYMfVBB0HUCSKIpxW07X6OGW2NiYPovs4AkcL8Q8MzecbAROjbfRA9esJCmlZgikxDz7DA==",
      "requires": {
        "@sinonjs/formatio": "2.0.0",
        "diff": "3.5.0",
        "lodash.get": "4.4.2",
        "lolex": "2.3.2",
        "nise": "1.3.0",
        "supports-color": "5.3.0",
        "type-detect": "4.0.8"
      }
    },
    "sntp": {
      "version": "1.0.9",
      "resolved": "https://registry.npmjs.org/sntp/-/sntp-1.0.9.tgz",
      "integrity": "sha1-ZUEYTMkK7qbG57NeJlkIJEPGYZg=",
      "requires": {
        "hoek": "2.16.3"
      }
    },
    "sshpk": {
      "version": "1.13.1",
      "resolved": "https://registry.npmjs.org/sshpk/-/sshpk-1.13.1.tgz",
      "integrity": "sha1-US322mKHFEMW3EwY/hzx2UBzm+M=",
      "requires": {
        "asn1": "0.2.3",
        "assert-plus": "1.0.0",
        "bcrypt-pbkdf": "1.0.1",
        "dashdash": "1.14.1",
        "ecc-jsbn": "0.1.1",
        "getpass": "0.1.7",
        "jsbn": "0.1.1",
        "tweetnacl": "0.14.5"
      },
      "dependencies": {
        "assert-plus": {
          "version": "1.0.0",
          "resolved": "https://registry.npmjs.org/assert-plus/-/assert-plus-1.0.0.tgz",
          "integrity": "sha1-8S4PPF13sLHN2RRpQuTpbB5N1SU="
        }
      }
    },
    "string_decoder": {
      "version": "1.0.3",
      "resolved": "https://registry.npmjs.org/string_decoder/-/string_decoder-1.0.3.tgz",
      "integrity": "sha512-4AH6Z5fzNNBcH+6XDMfA/BTt87skxqJlO0lAh3Dker5zThcAxG6mKz+iGu308UKoPPQ8Dcqx/4JhujzltRa+hQ==",
      "dev": true,
      "requires": {
        "safe-buffer": "5.1.1"
      }
    },
    "stringstream": {
      "version": "0.0.5",
      "resolved": "https://registry.npmjs.org/stringstream/-/stringstream-0.0.5.tgz",
      "integrity": "sha1-TkhM1N5aC7vuGORjB3EKioFiGHg="
    },
    "superagent": {
      "version": "2.3.0",
      "resolved": "https://registry.npmjs.org/superagent/-/superagent-2.3.0.tgz",
      "integrity": "sha1-cDUpoHFOV+EjlZ3e+84ZOy5Q0RU=",
      "dev": true,
      "requires": {
        "component-emitter": "1.2.1",
        "cookiejar": "2.0.6",
        "debug": "2.6.9",
        "extend": "3.0.1",
        "form-data": "1.0.0-rc4",
        "formidable": "1.1.1",
        "methods": "1.1.2",
        "mime": "1.6.0",
        "qs": "6.5.1",
        "readable-stream": "2.3.5"
      },
      "dependencies": {
        "form-data": {
          "version": "1.0.0-rc4",
          "resolved": "https://registry.npmjs.org/form-data/-/form-data-1.0.0-rc4.tgz",
          "integrity": "sha1-BaxrwiIntD5EYfSIFhVUaZ1Pi14=",
          "dev": true,
          "requires": {
            "async": "1.5.2",
            "combined-stream": "1.0.5",
            "mime-types": "2.1.18"
          }
        },
        "mime-db": {
          "version": "1.33.0",
          "resolved": "https://registry.npmjs.org/mime-db/-/mime-db-1.33.0.tgz",
          "integrity": "sha512-BHJ/EKruNIqJf/QahvxwQZXKygOQ256myeN/Ew+THcAa5q+PjyTTMMeNQC4DZw5AwfvelsUrA6B67NKMqXDbzQ==",
          "dev": true
        },
        "mime-types": {
          "version": "2.1.18",
          "resolved": "https://registry.npmjs.org/mime-types/-/mime-types-2.1.18.tgz",
          "integrity": "sha512-lc/aahn+t4/SWV/qcmumYjymLsWfN3ELhpmVuUFjgsORruuZPVSwAQryq+HHGvO/SI2KVX26bx+En+zhM8g8hQ==",
          "dev": true,
          "requires": {
            "mime-db": "1.33.0"
          }
        }
      }
    },
    "supports-color": {
      "version": "5.3.0",
      "resolved": "https://registry.npmjs.org/supports-color/-/supports-color-5.3.0.tgz",
      "integrity": "sha512-0aP01LLIskjKs3lq52EC0aGBAJhLq7B2Rd8HC/DR/PtNNpcLilNmHC12O+hu0usQpo7wtHNRqtrhBwtDb0+dNg==",
      "requires": {
        "has-flag": "3.0.0"
      }
    },
    "text-encoding": {
      "version": "0.6.4",
      "resolved": "https://registry.npmjs.org/text-encoding/-/text-encoding-0.6.4.tgz",
      "integrity": "sha1-45mpgiV6J22uQou5KEXLcb3CbRk="
    },
    "tough-cookie": {
      "version": "2.3.3",
      "resolved": "https://registry.npmjs.org/tough-cookie/-/tough-cookie-2.3.3.tgz",
      "integrity": "sha1-C2GKVWW23qkL80JdBNVe3EdadWE=",
      "requires": {
        "punycode": "1.4.1"
      }
    },
    "tunnel-agent": {
      "version": "0.6.0",
      "resolved": "https://registry.npmjs.org/tunnel-agent/-/tunnel-agent-0.6.0.tgz",
      "integrity": "sha1-J6XeoGs2sEoKmWZ3SykIaPD8QP0=",
      "requires": {
        "safe-buffer": "5.1.1"
      }
    },
    "tweetnacl": {
      "version": "0.14.5",
      "resolved": "https://registry.npmjs.org/tweetnacl/-/tweetnacl-0.14.5.tgz",
      "integrity": "sha1-WuaBd/GS1EViadEIr6k/+HQ/T2Q=",
      "optional": true
    },
    "type-detect": {
      "version": "4.0.8",
      "resolved": "https://registry.npmjs.org/type-detect/-/type-detect-4.0.8.tgz",
      "integrity": "sha512-0fr/mIH1dlO+x7TlcMy+bIDqKPsw/70tVyeHW787goQjhmqaZe10uwLujubK9q9Lg6Fiho1KUKDYz0Z7k7g5/g=="
    },
    "util-deprecate": {
      "version": "1.0.2",
      "resolved": "https://registry.npmjs.org/util-deprecate/-/util-deprecate-1.0.2.tgz",
      "integrity": "sha1-RQ1Nyfpw3nMnYvvS1KKJgUGaDM8=",
      "dev": true
    },
    "uuid": {
      "version": "3.1.0",
      "resolved": "https://registry.npmjs.org/uuid/-/uuid-3.1.0.tgz",
      "integrity": "sha1-PdPT55Crwk17DToDT/q6vijrvAQ="
    },
    "verror": {
      "version": "1.10.0",
      "resolved": "https://registry.npmjs.org/verror/-/verror-1.10.0.tgz",
      "integrity": "sha1-OhBcoXBTr1XW4nDB+CiGguGNpAA=",
      "requires": {
        "assert-plus": "1.0.0",
        "core-util-is": "1.0.2",
        "extsprintf": "1.3.0"
      },
      "dependencies": {
        "assert-plus": {
          "version": "1.0.0",
          "resolved": "https://registry.npmjs.org/assert-plus/-/assert-plus-1.0.0.tgz",
          "integrity": "sha1-8S4PPF13sLHN2RRpQuTpbB5N1SU="
        }
      }
    },
    "yargs": {
      "version": "1.2.6",
      "resolved": "https://registry.npmjs.org/yargs/-/yargs-1.2.6.tgz",
      "integrity": "sha1-nHtKgv1dWVsr8Xq23MQxNUMv40s=",
      "requires": {
        "minimist": "0.1.0"
      }
    }
  }
}
