# THIS IS AN AUTOGENERATED FILE. DO NOT EDIT THIS FILE DIRECTLY.
# yarn lockfile v1


accepts@~1.3.4:
  version "1.3.4"
  resolved "https://registry.yarnpkg.com/accepts/-/accepts-1.3.4.tgz#86246758c7dd6d21a6474ff084a4740ec05eb21f"
  dependencies:
    mime-types "~2.1.16"
    negotiator "0.6.1"

acorn@^3.1.0:
  version "3.3.0"
  resolved "https://registry.yarnpkg.com/acorn/-/acorn-3.3.0.tgz#45e37fb39e8da3f25baee3ff5369e2bb5f22017a"

after@0.8.2:
  version "0.8.2"
  resolved "https://registry.yarnpkg.com/after/-/after-0.8.2.tgz#fedb394f9f0e02aa9768e702bda23b505fae7e1f"

agent-base@4, agent-base@^4.1.0:
  version "4.2.0"
  resolved "https://registry.yarnpkg.com/agent-base/-/agent-base-4.2.0.tgz#9838b5c3392b962bad031e6a4c5e1024abec45ce"
  dependencies:
    es6-promisify "^5.0.0"

ajv@^4.9.1:
  version "4.11.8"
  resolved "https://registry.yarnpkg.com/ajv/-/ajv-4.11.8.tgz#82ffb02b29e662ae53bdc20af15947706739c536"
  dependencies:
    co "^4.6.0"
    json-stable-stringify "^1.0.1"

ajv@^5.1.0:
  version "5.5.2"
  resolved "https://registry.yarnpkg.com/ajv/-/ajv-5.5.2.tgz#73b5eeca3fab653e3d3f9422b341ad42205dc965"
  dependencies:
    co "^4.6.0"
    fast-deep-equal "^1.0.0"
    fast-json-stable-stringify "^2.0.0"
    json-schema-traverse "^0.3.0"

ansi-regex@^2.0.0:
  version "2.1.1"
  resolved "https://registry.yarnpkg.com/ansi-regex/-/ansi-regex-2.1.1.tgz#c3b33ab5ee360d86e0e628f0468ae7ef27d654df"

ansi-styles@^2.2.1:
  version "2.2.1"
  resolved "https://registry.yarnpkg.com/ansi-styles/-/ansi-styles-2.2.1.tgz#b432dd3358b634cf75e1e4664368240533c1ddbe"

array-flatten@1.1.1:
  version "1.1.1"
  resolved "https://registry.yarnpkg.com/array-flatten/-/array-flatten-1.1.1.tgz#9a5f699051b1e7073328f2a008968b64ea2955d2"

arraybuffer.slice@~0.0.7:
  version "0.0.7"
  resolved "https://registry.yarnpkg.com/arraybuffer.slice/-/arraybuffer.slice-0.0.7.tgz#3bbc4275dd584cc1b10809b89d4e8b63a69e7675"

asn1@~0.2.3:
  version "0.2.3"
  resolved "https://registry.yarnpkg.com/asn1/-/asn1-0.2.3.tgz#dac8787713c9966849fc8180777ebe9c1ddf3b86"

assert-plus@1.0.0, assert-plus@^1.0.0:
  version "1.0.0"
  resolved "https://registry.yarnpkg.com/assert-plus/-/assert-plus-1.0.0.tgz#f12e0f3c5d77b0b1cdd9146942e4e96c1e4dd525"

assert-plus@^0.2.0:
  version "0.2.0"
  resolved "https://registry.yarnpkg.com/assert-plus/-/assert-plus-0.2.0.tgz#d74e1b87e7affc0db8aadb7021f3fe48101ab234"

async-limiter@~1.0.0:
  version "1.0.0"
  resolved "https://registry.yarnpkg.com/async-limiter/-/async-limiter-1.0.0.tgz#78faed8c3d074ab81f22b4e985d79e8738f720f8"

asynckit@^0.4.0:
  version "0.4.0"
  resolved "https://registry.yarnpkg.com/asynckit/-/asynckit-0.4.0.tgz#c79ed97f7f34cb8f2ba1bc9790bcc366474b4b79"

aws-sdk@^2.224.1:
  version "2.224.1"
  resolved "https://registry.yarnpkg.com/aws-sdk/-/aws-sdk-2.224.1.tgz#82fe93e10b3e818f315c35ce8667cdc8db94a0b3"
  dependencies:
    buffer "4.9.1"
    events "1.1.1"
    ieee754 "1.1.8"
    jmespath "0.15.0"
    querystring "0.2.0"
    sax "1.2.1"
    url "0.10.3"
    uuid "3.1.0"
    xml2js "0.4.17"
    xmlbuilder "4.2.1"

aws-sign2@~0.6.0:
  version "0.6.0"
  resolved "https://registry.yarnpkg.com/aws-sign2/-/aws-sign2-0.6.0.tgz#14342dd38dbcc94d0e5b87d763cd63612c0e794f"

aws-sign2@~0.7.0:
  version "0.7.0"
  resolved "https://registry.yarnpkg.com/aws-sign2/-/aws-sign2-0.7.0.tgz#b46e890934a9591f2d2f6f86d7e6a9f1b3fe76a8"

aws4@^1.2.1, aws4@^1.6.0:
  version "1.6.0"
  resolved "https://registry.yarnpkg.com/aws4/-/aws4-1.6.0.tgz#83ef5ca860b2b32e4a0deedee8c771b9db57471e"

axios@^0.17.1:
  version "0.17.1"
  resolved "https://registry.yarnpkg.com/axios/-/axios-0.17.1.tgz#2d8e3e5d0bdbd7327f91bc814f5c57660f81824d"
  dependencies:
    follow-redirects "^1.2.5"
    is-buffer "^1.1.5"

backo2@1.0.2:
  version "1.0.2"
  resolved "https://registry.yarnpkg.com/backo2/-/backo2-1.0.2.tgz#31ab1ac8b129363463e35b3ebb69f4dfcfba7947"

base64-arraybuffer@0.1.5:
  version "0.1.5"
  resolved "https://registry.yarnpkg.com/base64-arraybuffer/-/base64-arraybuffer-0.1.5.tgz#73926771923b5a19747ad666aa5cd4bf9c6e9ce8"

base64-js@^1.0.2:
  version "1.2.3"
  resolved "https://registry.yarnpkg.com/base64-js/-/base64-js-1.2.3.tgz#fb13668233d9614cf5fb4bce95a9ba4096cdf801"

base64id@1.0.0:
  version "1.0.0"
  resolved "https://registry.yarnpkg.com/base64id/-/base64id-1.0.0.tgz#47688cb99bb6804f0e06d3e763b1c32e57d8e6b6"

base64url@2.0.0, base64url@^2.0.0:
  version "2.0.0"
  resolved "https://registry.yarnpkg.com/base64url/-/base64url-2.0.0.tgz#eac16e03ea1438eff9423d69baa36262ed1f70bb"

basic-auth@~2.0.0:
  version "2.0.0"
  resolved "https://registry.yarnpkg.com/basic-auth/-/basic-auth-2.0.0.tgz#015db3f353e02e56377755f962742e8981e7bbba"
  dependencies:
    safe-buffer "5.1.1"

bcrypt-pbkdf@^1.0.0:
  version "1.0.1"
  resolved "https://registry.yarnpkg.com/bcrypt-pbkdf/-/bcrypt-pbkdf-1.0.1.tgz#63bc5dcb61331b92bc05fd528953c33462a06f8d"
  dependencies:
    tweetnacl "^0.14.3"

better-assert@~1.0.0:
  version "1.0.2"
  resolved "https://registry.yarnpkg.com/better-assert/-/better-assert-1.0.2.tgz#40866b9e1b9e0b55b481894311e68faffaebc522"
  dependencies:
    callsite "1.0.0"

bindings@~1.2.1:
  version "1.2.1"
  resolved "https://registry.yarnpkg.com/bindings/-/bindings-1.2.1.tgz#14ad6113812d2d37d72e67b4cacb4bb726505f11"

blob@0.0.4:
  version "0.0.4"
  resolved "https://registry.yarnpkg.com/blob/-/blob-0.0.4.tgz#bcf13052ca54463f30f9fc7e95b9a47630a94921"

bluebird@~2.9.2:
  version "2.9.34"
  resolved "https://registry.yarnpkg.com/bluebird/-/bluebird-2.9.34.tgz#2f7b4ec80216328a9fddebdf69c8d4942feff7d8"

body-parser@1.18.2, body-parser@^1.18.2:
  version "1.18.2"
  resolved "https://registry.yarnpkg.com/body-parser/-/body-parser-1.18.2.tgz#87678a19d84b47d859b83199bd59bce222b10454"
  dependencies:
    bytes "3.0.0"
    content-type "~1.0.4"
    debug "2.6.9"
    depd "~1.1.1"
    http-errors "~1.6.2"
    iconv-lite "0.4.19"
    on-finished "~2.3.0"
    qs "6.5.1"
    raw-body "2.3.2"
    type-is "~1.6.15"

boom@2.x.x:
  version "2.10.1"
  resolved "https://registry.yarnpkg.com/boom/-/boom-2.10.1.tgz#39c8918ceff5799f83f9492a848f625add0c766f"
  dependencies:
    hoek "2.x.x"

boom@4.x.x:
  version "4.3.1"
  resolved "https://registry.yarnpkg.com/boom/-/boom-4.3.1.tgz#4f8a3005cb4a7e3889f749030fd25b96e01d2e31"
  dependencies:
    hoek "4.x.x"

boom@5.x.x:
  version "5.2.0"
  resolved "https://registry.yarnpkg.com/boom/-/boom-5.2.0.tgz#5dd9da6ee3a5f302077436290cb717d3f4a54e02"
  dependencies:
    hoek "4.x.x"

buffer-equal-constant-time@1.0.1:
  version "1.0.1"
  resolved "https://registry.yarnpkg.com/buffer-equal-constant-time/-/buffer-equal-constant-time-1.0.1.tgz#f8e71132f7ffe6e01a5c9697a4c6f3e48d5cc819"

buffer@4.9.1:
  version "4.9.1"
  resolved "https://registry.yarnpkg.com/buffer/-/buffer-4.9.1.tgz#6d1bb601b07a4efced97094132093027c95bc298"
  dependencies:
    base64-js "^1.0.2"
    ieee754 "^1.1.4"
    isarray "^1.0.0"

bytes@3.0.0:
  version "3.0.0"
  resolved "https://registry.yarnpkg.com/bytes/-/bytes-3.0.0.tgz#d32815404d689699f85a4ea4fa8755dd13a96048"

callsite@1.0.0:
  version "1.0.0"
  resolved "https://registry.yarnpkg.com/callsite/-/callsite-1.0.0.tgz#280398e5d664bd74038b6f0905153e6e8af1bc20"

caseless@~0.12.0:
  version "0.12.0"
  resolved "https://registry.yarnpkg.com/caseless/-/caseless-0.12.0.tgz#1b681c21ff84033c826543090689420d187151dc"

chalk@^1.1.3:
  version "1.1.3"
  resolved "https://registry.yarnpkg.com/chalk/-/chalk-1.1.3.tgz#a8115c55e4a702fe4d150abd3872822a7e09fc98"
  dependencies:
    ansi-styles "^2.2.1"
    escape-string-regexp "^1.0.2"
    has-ansi "^2.0.0"
    strip-ansi "^3.0.0"
    supports-color "^2.0.0"

clone@~0.2.0:
  version "0.2.0"
  resolved "https://registry.yarnpkg.com/clone/-/clone-0.2.0.tgz#c6126a90ad4f72dbf5acdb243cc37724fe93fc1f"

co@^4.6.0:
  version "4.6.0"
  resolved "https://registry.yarnpkg.com/co/-/co-4.6.0.tgz#6ea6bdf3d853ae54ccb8e47bfa0bf3f9031fb184"

combined-stream@1.0.6, combined-stream@^1.0.5, combined-stream@~1.0.5:
  version "1.0.6"
  resolved "https://registry.yarnpkg.com/combined-stream/-/combined-stream-1.0.6.tgz#723e7df6e801ac5613113a7e445a9b69cb632818"
  dependencies:
    delayed-stream "~1.0.0"

component-bind@1.0.0, component-bind@~1.0.0:
  version "1.0.0"
  resolved "https://registry.yarnpkg.com/component-bind/-/component-bind-1.0.0.tgz#00c608ab7dcd93897c0009651b1d3a8e1e73bbd1"

component-emitter@1.2.1:
  version "1.2.1"
  resolved "https://registry.yarnpkg.com/component-emitter/-/component-emitter-1.2.1.tgz#137918d6d78283f7df7a6b7c5a63e140e69425e6"

component-inherit@0.0.3:
  version "0.0.3"
  resolved "https://registry.yarnpkg.com/component-inherit/-/component-inherit-0.0.3.tgz#645fc4adf58b72b649d5cae65135619db26ff143"

content-disposition@0.5.2:
  version "0.5.2"
  resolved "https://registry.yarnpkg.com/content-disposition/-/content-disposition-0.5.2.tgz#0cf68bb9ddf5f2be7961c3a85178cb85dba78cb4"

content-type@~1.0.4:
  version "1.0.4"
  resolved "https://registry.yarnpkg.com/content-type/-/content-type-1.0.4.tgz#e138cc75e040c727b1966fe5e5f8c9aee256fe3b"

cookie-parser@^1.4.3:
  version "1.4.3"
  resolved "https://registry.yarnpkg.com/cookie-parser/-/cookie-parser-1.4.3.tgz#0fe31fa19d000b95f4aadf1f53fdc2b8a203baa5"
  dependencies:
    cookie "0.3.1"
    cookie-signature "1.0.6"

cookie-signature@1.0.6:
  version "1.0.6"
  resolved "https://registry.yarnpkg.com/cookie-signature/-/cookie-signature-1.0.6.tgz#e303a882b342cc3ee8ca513a79999734dab3ae2c"

cookie@0.3.1:
  version "0.3.1"
  resolved "https://registry.yarnpkg.com/cookie/-/cookie-0.3.1.tgz#e7e0a1f9ef43b4c8ba925c5c5a96e806d16873bb"

core-util-is@1.0.2:
  version "1.0.2"
  resolved "https://registry.yarnpkg.com/core-util-is/-/core-util-is-1.0.2.tgz#b5fd54220aa2bc5ab57aab7140c940754503c1a7"

cryptiles@2.x.x:
  version "2.0.5"
  resolved "https://registry.yarnpkg.com/cryptiles/-/cryptiles-2.0.5.tgz#3bdfecdc608147c1c67202fa291e7dca59eaa3b8"
  dependencies:
    boom "2.x.x"

cryptiles@3.x.x:
  version "3.1.2"
  resolved "https://registry.yarnpkg.com/cryptiles/-/cryptiles-3.1.2.tgz#a89fbb220f5ce25ec56e8c4aa8a4fd7b5b0d29fe"
  dependencies:
    boom "5.x.x"

dashdash@^1.12.0:
  version "1.14.1"
  resolved "https://registry.yarnpkg.com/dashdash/-/dashdash-1.14.1.tgz#853cfa0f7cbe2fed5de20326b8dd581035f6e2f0"
  dependencies:
    assert-plus "^1.0.0"

debug@2, debug@2.6.9, debug@~2.6.4, debug@~2.6.6:
  version "2.6.9"
  resolved "https://registry.yarnpkg.com/debug/-/debug-2.6.9.tgz#5d128515df134ff327e90a4c93f4e077a536341f"
  dependencies:
    ms "2.0.0"

debug@^3.1.0, debug@~3.1.0:
  version "3.1.0"
  resolved "https://registry.yarnpkg.com/debug/-/debug-3.1.0.tgz#5bb5a0672628b64149566ba16819e61518c67261"
  dependencies:
    ms "2.0.0"

debug@~2.2.0:
  version "2.2.0"
  resolved "https://registry.yarnpkg.com/debug/-/debug-2.2.0.tgz#f87057e995b1a1f6ae6a4960664137bc56f039da"
  dependencies:
    ms "0.7.1"

define-property@^0.2.5:
  version "0.2.5"
  resolved "https://registry.yarnpkg.com/define-property/-/define-property-0.2.5.tgz#c35b1ef918ec3c990f9a5bc57be04aacec5c8116"
  dependencies:
    is-descriptor "^0.1.0"

delayed-stream@~1.0.0:
  version "1.0.0"
  resolved "https://registry.yarnpkg.com/delayed-stream/-/delayed-stream-1.0.0.tgz#df3ae199acadfb7d440aaae0b29e2272b24ec619"

depd@1.1.1:
  version "1.1.1"
  resolved "https://registry.yarnpkg.com/depd/-/depd-1.1.1.tgz#5783b4e1c459f06fa5ca27f991f3d06e7a310359"

depd@~1.1.1:
  version "1.1.2"
  resolved "https://registry.yarnpkg.com/depd/-/depd-1.1.2.tgz#9bcd52e14c097763e749b274c4346ed2e560b5a9"

destroy@~1.0.4:
  version "1.0.4"
  resolved "https://registry.yarnpkg.com/destroy/-/destroy-1.0.4.tgz#978857442c44749e4206613e37946205826abd80"

draftlog@^1.0.12:
  version "1.0.12"
  resolved "https://registry.yarnpkg.com/draftlog/-/draftlog-1.0.12.tgz#7db6a3c5b62106bb32dd4a35d67bcccb6c7d9da0"

ecc-jsbn@~0.1.1:
  version "0.1.1"
  resolved "https://registry.yarnpkg.com/ecc-jsbn/-/ecc-jsbn-0.1.1.tgz#0fc73a9ed5f0d53c38193398523ef7e543777505"
  dependencies:
    jsbn "~0.1.0"

ecdsa-sig-formatter@1.0.9:
  version "1.0.9"
  resolved "https://registry.yarnpkg.com/ecdsa-sig-formatter/-/ecdsa-sig-formatter-1.0.9.tgz#4bc926274ec3b5abb5016e7e1d60921ac262b2a1"
  dependencies:
    base64url "^2.0.0"
    safe-buffer "^5.0.1"

ee-first@1.1.1:
  version "1.1.1"
  resolved "https://registry.yarnpkg.com/ee-first/-/ee-first-1.1.1.tgz#590c61156b0ae2f4f0255732a158b266bc56b21d"

encodeurl@~1.0.1:
  version "1.0.2"
  resolved "https://registry.yarnpkg.com/encodeurl/-/encodeurl-1.0.2.tgz#ad3ff4c86ec2d029322f5a02c3a9a606c95b3f59"

engine.io-client@~3.1.0:
  version "3.1.5"
  resolved "https://registry.yarnpkg.com/engine.io-client/-/engine.io-client-3.1.5.tgz#85de17666560327ef1817978f6e3f8101ded2c47"
  dependencies:
    component-emitter "1.2.1"
    component-inherit "0.0.3"
    debug "~3.1.0"
    engine.io-parser "~2.1.1"
    has-cors "1.1.0"
    indexof "0.0.1"
    parseqs "0.0.5"
    parseuri "0.0.5"
    ws "~3.3.1"
    xmlhttprequest-ssl "~1.5.4"
    yeast "0.1.2"

engine.io-parser@~2.1.0, engine.io-parser@~2.1.1:
  version "2.1.2"
  resolved "https://registry.yarnpkg.com/engine.io-parser/-/engine.io-parser-2.1.2.tgz#4c0f4cff79aaeecbbdcfdea66a823c6085409196"
  dependencies:
    after "0.8.2"
    arraybuffer.slice "~0.0.7"
    base64-arraybuffer "0.1.5"
    blob "0.0.4"
    has-binary2 "~1.0.2"

engine.io@~3.1.0:
  version "3.1.5"
  resolved "https://registry.yarnpkg.com/engine.io/-/engine.io-3.1.5.tgz#0e7ef9d690eb0b35597f1d4ad02a26ca2dba3845"
  dependencies:
    accepts "~1.3.4"
    base64id "1.0.0"
    cookie "0.3.1"
    debug "~3.1.0"
    engine.io-parser "~2.1.0"
    ws "~3.3.1"
  optionalDependencies:
    uws "~9.14.0"

es6-promise@^4.0.3:
  version "4.2.4"
  resolved "https://registry.yarnpkg.com/es6-promise/-/es6-promise-4.2.4.tgz#dc4221c2b16518760bd8c39a52d8f356fc00ed29"

es6-promisify@^5.0.0:
  version "5.0.0"
  resolved "https://registry.yarnpkg.com/es6-promisify/-/es6-promisify-5.0.0.tgz#5109d62f3e56ea967c4b63505aef08291c8a5203"
  dependencies:
    es6-promise "^4.0.3"

escape-html@~1.0.3:
  version "1.0.3"
  resolved "https://registry.yarnpkg.com/escape-html/-/escape-html-1.0.3.tgz#0258eae4d3d0c0974de1c169188ef0051d1d1988"

escape-string-regexp@^1.0.2:
  version "1.0.5"
  resolved "https://registry.yarnpkg.com/escape-string-regexp/-/escape-string-regexp-1.0.5.tgz#1b61c0562190a8dff6ae3bb2cf0200ca130b86d4"

etag@~1.8.1:
  version "1.8.1"
  resolved "https://registry.yarnpkg.com/etag/-/etag-1.8.1.tgz#41ae2eeb65efa62268aebfea83ac7d79299b0887"

events@1.1.1:
  version "1.1.1"
  resolved "https://registry.yarnpkg.com/events/-/events-1.1.1.tgz#9ebdb7635ad099c70dcc4c2a1f5004288e8bd924"

express@^4.16.2:
  version "4.16.2"
  resolved "https://registry.yarnpkg.com/express/-/express-4.16.2.tgz#e35c6dfe2d64b7dca0a5cd4f21781be3299e076c"
  dependencies:
    accepts "~1.3.4"
    array-flatten "1.1.1"
    body-parser "1.18.2"
    content-disposition "0.5.2"
    content-type "~1.0.4"
    cookie "0.3.1"
    cookie-signature "1.0.6"
    debug "2.6.9"
    depd "~1.1.1"
    encodeurl "~1.0.1"
    escape-html "~1.0.3"
    etag "~1.8.1"
    finalhandler "1.1.0"
    fresh "0.5.2"
    merge-descriptors "1.0.1"
    methods "~1.1.2"
    on-finished "~2.3.0"
    parseurl "~1.3.2"
    path-to-regexp "0.1.7"
    proxy-addr "~2.0.2"
    qs "6.5.1"
    range-parser "~1.2.0"
    safe-buffer "5.1.1"
    send "0.16.1"
    serve-static "1.13.1"
    setprototypeof "1.1.0"
    statuses "~1.3.1"
    type-is "~1.6.15"
    utils-merge "1.0.1"
    vary "~1.1.2"

extend@~3.0.0, extend@~3.0.1:
  version "3.0.1"
  resolved "https://registry.yarnpkg.com/extend/-/extend-3.0.1.tgz#a755ea7bc1adfcc5a31ce7e762dbaadc5e636444"

extsprintf@1.3.0:
  version "1.3.0"
  resolved "https://registry.yarnpkg.com/extsprintf/-/extsprintf-1.3.0.tgz#96918440e3041a7a414f8c52e3c574eb3c3e1e05"

extsprintf@^1.2.0:
  version "1.4.0"
  resolved "https://registry.yarnpkg.com/extsprintf/-/extsprintf-1.4.0.tgz#e2689f8f356fad62cca65a3a91c5df5f9551692f"

fast-deep-equal@^1.0.0:
  version "1.0.0"
  resolved "https://registry.yarnpkg.com/fast-deep-equal/-/fast-deep-equal-1.0.0.tgz#96256a3bc975595eb36d82e9929d060d893439ff"

fast-json-stable-stringify@^2.0.0:
  version "2.0.0"
  resolved "https://registry.yarnpkg.com/fast-json-stable-stringify/-/fast-json-stable-stringify-2.0.0.tgz#d5142c0caee6b1189f87d3a76111064f86c8bbf2"

fast.js@^0.1.1:
  version "0.1.1"
  resolved "https://registry.yarnpkg.com/fast.js/-/fast.js-0.1.1.tgz#7c024d55ae144882fbcee44b79005fe2dcabd9fe"

finalhandler@1.1.0:
  version "1.1.0"
  resolved "https://registry.yarnpkg.com/finalhandler/-/finalhandler-1.1.0.tgz#ce0b6855b45853e791b2fcc680046d88253dd7f5"
  dependencies:
    debug "2.6.9"
    encodeurl "~1.0.1"
    escape-html "~1.0.3"
    on-finished "~2.3.0"
    parseurl "~1.3.2"
    statuses "~1.3.1"
    unpipe "~1.0.0"

follow-redirects@^1.2.5:
  version "1.4.1"
  resolved "https://registry.yarnpkg.com/follow-redirects/-/follow-redirects-1.4.1.tgz#d8120f4518190f55aac65bb6fc7b85fcd666d6aa"
  dependencies:
    debug "^3.1.0"

forever-agent@~0.6.1:
  version "0.6.1"
  resolved "https://registry.yarnpkg.com/forever-agent/-/forever-agent-0.6.1.tgz#fbc71f0c41adeb37f96c577ad1ed42d8fdacca91"

form-data@~2.1.1:
  version "2.1.4"
  resolved "https://registry.yarnpkg.com/form-data/-/form-data-2.1.4.tgz#33c183acf193276ecaa98143a69e94bfee1750d1"
  dependencies:
    asynckit "^0.4.0"
    combined-stream "^1.0.5"
    mime-types "^2.1.12"

form-data@~2.3.1:
  version "2.3.2"
  resolved "https://registry.yarnpkg.com/form-data/-/form-data-2.3.2.tgz#4970498be604c20c005d4f5c23aecd21d6b49099"
  dependencies:
    asynckit "^0.4.0"
    combined-stream "1.0.6"
    mime-types "^2.1.12"

forwarded@~0.1.2:
  version "0.1.2"
  resolved "https://registry.yarnpkg.com/forwarded/-/forwarded-0.1.2.tgz#98c23dab1175657b8c0573e8ceccd91b0ff18c84"

fresh@0.5.2:
  version "0.5.2"
  resolved "https://registry.yarnpkg.com/fresh/-/fresh-0.5.2.tgz#3d8cadd90d976569fa835ab1f8e4b23a105605a7"

getpass@^0.1.1:
  version "0.1.7"
  resolved "https://registry.yarnpkg.com/getpass/-/getpass-0.1.7.tgz#5eff8e3e684d569ae4cb2b1282604e8ba62149fa"
  dependencies:
    assert-plus "^1.0.0"

har-schema@^1.0.5:
  version "1.0.5"
  resolved "https://registry.yarnpkg.com/har-schema/-/har-schema-1.0.5.tgz#d263135f43307c02c602afc8fe95970c0151369e"

har-schema@^2.0.0:
  version "2.0.0"
  resolved "https://registry.yarnpkg.com/har-schema/-/har-schema-2.0.0.tgz#a94c2224ebcac04782a0d9035521f24735b7ec92"

har-validator@~4.2.1:
  version "4.2.1"
  resolved "https://registry.yarnpkg.com/har-validator/-/har-validator-4.2.1.tgz#33481d0f1bbff600dd203d75812a6a5fba002e2a"
  dependencies:
    ajv "^4.9.1"
    har-schema "^1.0.5"

har-validator@~5.0.3:
  version "5.0.3"
  resolved "https://registry.yarnpkg.com/har-validator/-/har-validator-5.0.3.tgz#ba402c266194f15956ef15e0fcf242993f6a7dfd"
  dependencies:
    ajv "^5.1.0"
    har-schema "^2.0.0"

has-ansi@^2.0.0:
  version "2.0.0"
  resolved "https://registry.yarnpkg.com/has-ansi/-/has-ansi-2.0.0.tgz#34f5049ce1ecdf2b0649af3ef24e45ed35416d91"
  dependencies:
    ansi-regex "^2.0.0"

has-binary2@~1.0.2:
  version "1.0.2"
  resolved "https://registry.yarnpkg.com/has-binary2/-/has-binary2-1.0.2.tgz#e83dba49f0b9be4d026d27365350d9f03f54be98"
  dependencies:
    isarray "2.0.1"

has-cors@1.1.0:
  version "1.1.0"
  resolved "https://registry.yarnpkg.com/has-cors/-/has-cors-1.1.0.tgz#5e474793f7ea9843d1bb99c23eef49ff126fff39"

hawk@~3.1.3:
  version "3.1.3"
  resolved "https://registry.yarnpkg.com/hawk/-/hawk-3.1.3.tgz#078444bd7c1640b0fe540d2c9b73d59678e8e1c4"
  dependencies:
    boom "2.x.x"
    cryptiles "2.x.x"
    hoek "2.x.x"
    sntp "1.x.x"

hawk@~6.0.2:
  version "6.0.2"
  resolved "https://registry.yarnpkg.com/hawk/-/hawk-6.0.2.tgz#af4d914eb065f9b5ce4d9d11c1cb2126eecc3038"
  dependencies:
    boom "4.x.x"
    cryptiles "3.x.x"
    hoek "4.x.x"
    sntp "2.x.x"

hoek@2.x.x:
  version "2.16.3"
  resolved "https://registry.yarnpkg.com/hoek/-/hoek-2.16.3.tgz#20bb7403d3cea398e91dc4710a8ff1b8274a25ed"

hoek@4.x.x:
  version "4.2.1"
  resolved "https://registry.yarnpkg.com/hoek/-/hoek-4.2.1.tgz#9634502aa12c445dd5a7c5734b572bb8738aacbb"

http-errors@1.6.2, http-errors@~1.6.2:
  version "1.6.2"
  resolved "https://registry.yarnpkg.com/http-errors/-/http-errors-1.6.2.tgz#0a002cc85707192a7e7946ceedc11155f60ec736"
  dependencies:
    depd "1.1.1"
    inherits "2.0.3"
    setprototypeof "1.0.3"
    statuses ">= 1.3.1 < 2"

http-proxy-agent@^2.0.0:
  version "2.0.0"
  resolved "https://registry.yarnpkg.com/http-proxy-agent/-/http-proxy-agent-2.0.0.tgz#46482a2f0523a4d6082551709f469cb3e4a85ff4"
  dependencies:
    agent-base "4"
    debug "2"

http-signature@~1.1.0:
  version "1.1.1"
  resolved "https://registry.yarnpkg.com/http-signature/-/http-signature-1.1.1.tgz#df72e267066cd0ac67fb76adf8e134a8fbcf91bf"
  dependencies:
    assert-plus "^0.2.0"
    jsprim "^1.2.2"
    sshpk "^1.7.0"

http-signature@~1.2.0:
  version "1.2.0"
  resolved "https://registry.yarnpkg.com/http-signature/-/http-signature-1.2.0.tgz#9aecd925114772f3d95b65a60abb8f7c18fbace1"
  dependencies:
    assert-plus "^1.0.0"
    jsprim "^1.2.2"
    sshpk "^1.7.0"

https-proxy-agent@^2.1.1:
  version "2.1.1"
  resolved "https://registry.yarnpkg.com/https-proxy-agent/-/https-proxy-agent-2.1.1.tgz#a7ce4382a1ba8266ee848578778122d491260fd9"
  dependencies:
    agent-base "^4.1.0"
    debug "^3.1.0"

iconv-lite@0.4.19:
  version "0.4.19"
  resolved "https://registry.yarnpkg.com/iconv-lite/-/iconv-lite-0.4.19.tgz#f7468f60135f5e5dad3399c0a81be9a1603a082b"

ieee754@1.1.8:
  version "1.1.8"
  resolved "https://registry.yarnpkg.com/ieee754/-/ieee754-1.1.8.tgz#be33d40ac10ef1926701f6f08a2d86fbfd1ad3e4"

ieee754@^1.1.4:
  version "1.1.11"
  resolved "https://registry.yarnpkg.com/ieee754/-/ieee754-1.1.11.tgz#c16384ffe00f5b7835824e67b6f2bd44a5229455"

indexof@0.0.1:
  version "0.0.1"
  resolved "https://registry.yarnpkg.com/indexof/-/indexof-0.0.1.tgz#82dc336d232b9062179d05ab3293a66059fd435d"

inherits@2.0.3:
  version "2.0.3"
  resolved "https://registry.yarnpkg.com/inherits/-/inherits-2.0.3.tgz#633c2c83e3da42a502f52466022480f4208261de"

ipaddr.js@1.6.0:
  version "1.6.0"
  resolved "https://registry.yarnpkg.com/ipaddr.js/-/ipaddr.js-1.6.0.tgz#e3fa357b773da619f26e95f049d055c72796f86b"

is-accessor-descriptor@^0.1.6:
  version "0.1.6"
  resolved "https://registry.yarnpkg.com/is-accessor-descriptor/-/is-accessor-descriptor-0.1.6.tgz#a9e12cb3ae8d876727eeef3843f8a0897b5c98d6"
  dependencies:
    kind-of "^3.0.2"

is-buffer@^1.1.5:
  version "1.1.6"
  resolved "https://registry.yarnpkg.com/is-buffer/-/is-buffer-1.1.6.tgz#efaa2ea9daa0d7ab2ea13a97b2b8ad51fefbe8be"

is-data-descriptor@^0.1.4:
  version "0.1.4"
  resolved "https://registry.yarnpkg.com/is-data-descriptor/-/is-data-descriptor-0.1.4.tgz#0b5ee648388e2c860282e793f1856fec3f301b56"
  dependencies:
    kind-of "^3.0.2"

is-descriptor@^0.1.0:
  version "0.1.6"
  resolved "https://registry.yarnpkg.com/is-descriptor/-/is-descriptor-0.1.6.tgz#366d8240dde487ca51823b1ab9f07a10a78251ca"
  dependencies:
    is-accessor-descriptor "^0.1.6"
    is-data-descriptor "^0.1.4"
    kind-of "^5.0.0"

is-typedarray@~1.0.0:
  version "1.0.0"
  resolved "https://registry.yarnpkg.com/is-typedarray/-/is-typedarray-1.0.0.tgz#e479c80858df0c1b11ddda6940f96011fcda4a9a"

isarray@2.0.1:
  version "2.0.1"
  resolved "https://registry.yarnpkg.com/isarray/-/isarray-2.0.1.tgz#a37d94ed9cda2d59865c9f76fe596ee1f338741e"

isarray@^1.0.0:
  version "1.0.0"
  resolved "https://registry.yarnpkg.com/isarray/-/isarray-1.0.0.tgz#bb935d48582cba168c06834957a54a3e07124f11"

isstream@~0.1.2:
  version "0.1.2"
  resolved "https://registry.yarnpkg.com/isstream/-/isstream-0.1.2.tgz#47e63f7af55afa6f92e1500e690eb8b8529c099a"

jmespath@0.15.0:
  version "0.15.0"
  resolved "https://registry.yarnpkg.com/jmespath/-/jmespath-0.15.0.tgz#a3f222a9aae9f966f5d27c796510e28091764217"

jsbn@~0.1.0:
  version "0.1.1"
  resolved "https://registry.yarnpkg.com/jsbn/-/jsbn-0.1.1.tgz#a5e654c2e5a2deb5f201d96cefbca80c0ef2f513"

json-schema-traverse@^0.3.0:
  version "0.3.1"
  resolved "https://registry.yarnpkg.com/json-schema-traverse/-/json-schema-traverse-0.3.1.tgz#349a6d44c53a51de89b40805c5d5e59b417d3340"

json-schema@0.2.3:
  version "0.2.3"
  resolved "https://registry.yarnpkg.com/json-schema/-/json-schema-0.2.3.tgz#b480c892e59a2f05954ce727bd3f2a4e882f9e13"

json-stable-stringify@^1.0.1:
  version "1.0.1"
  resolved "https://registry.yarnpkg.com/json-stable-stringify/-/json-stable-stringify-1.0.1.tgz#9a759d39c5f2ff503fd5300646ed445f88c4f9af"
  dependencies:
    jsonify "~0.0.0"

json-stringify-safe@~5.0.1:
  version "5.0.1"
  resolved "https://registry.yarnpkg.com/json-stringify-safe/-/json-stringify-safe-5.0.1.tgz#1296a2d58fd45f19a0f6ce01d65701e2c735b6eb"

jsonify@~0.0.0:
  version "0.0.0"
  resolved "https://registry.yarnpkg.com/jsonify/-/jsonify-0.0.0.tgz#2c74b6ee41d93ca51b7b5aaee8f503631d252a73"

jsonwebtoken@^8.1.1:
  version "8.1.1"
  resolved "https://registry.yarnpkg.com/jsonwebtoken/-/jsonwebtoken-8.1.1.tgz#b04d8bb2ad847bc93238c3c92170ffdbdd1cb2ea"
  dependencies:
    jws "^3.1.4"
    lodash.includes "^4.3.0"
    lodash.isboolean "^3.0.3"
    lodash.isinteger "^4.0.4"
    lodash.isnumber "^3.0.3"
    lodash.isplainobject "^4.0.6"
    lodash.isstring "^4.0.1"
    lodash.once "^4.0.0"
    ms "^2.1.1"
    xtend "^4.0.1"

jsprim@^1.2.2:
  version "1.4.1"
  resolved "https://registry.yarnpkg.com/jsprim/-/jsprim-1.4.1.tgz#313e66bc1e5cc06e438bc1b7499c2e5c56acb6a2"
  dependencies:
    assert-plus "1.0.0"
    extsprintf "1.3.0"
    json-schema "0.2.3"
    verror "1.10.0"

jwa@^1.1.4:
  version "1.1.5"
  resolved "https://registry.yarnpkg.com/jwa/-/jwa-1.1.5.tgz#a0552ce0220742cd52e153774a32905c30e756e5"
  dependencies:
    base64url "2.0.0"
    buffer-equal-constant-time "1.0.1"
    ecdsa-sig-formatter "1.0.9"
    safe-buffer "^5.0.1"

jws@^3.1.4:
  version "3.1.4"
  resolved "https://registry.yarnpkg.com/jws/-/jws-3.1.4.tgz#f9e8b9338e8a847277d6444b1464f61880e050a2"
  dependencies:
    base64url "^2.0.0"
    jwa "^1.1.4"
    safe-buffer "^5.0.1"

kind-of@^3.0.2:
  version "3.2.2"
  resolved "https://registry.yarnpkg.com/kind-of/-/kind-of-3.2.2.tgz#31ea21a734bab9bbb0f32466d893aea51e4a3c64"
  dependencies:
    is-buffer "^1.1.5"

kind-of@^5.0.0:
  version "5.1.0"
  resolved "https://registry.yarnpkg.com/kind-of/-/kind-of-5.1.0.tgz#729c91e2d857b7a419a1f9aa65685c4c33f5845d"

lodash.includes@^4.3.0:
  version "4.3.0"
  resolved "https://registry.yarnpkg.com/lodash.includes/-/lodash.includes-4.3.0.tgz#60bb98a87cb923c68ca1e51325483314849f553f"

lodash.isboolean@^3.0.3:
  version "3.0.3"
  resolved "https://registry.yarnpkg.com/lodash.isboolean/-/lodash.isboolean-3.0.3.tgz#6c2e171db2a257cd96802fd43b01b20d5f5870f6"

lodash.isinteger@^4.0.4:
  version "4.0.4"
  resolved "https://registry.yarnpkg.com/lodash.isinteger/-/lodash.isinteger-4.0.4.tgz#619c0af3d03f8b04c31f5882840b77b11cd68343"

lodash.isnumber@^3.0.3:
  version "3.0.3"
  resolved "https://registry.yarnpkg.com/lodash.isnumber/-/lodash.isnumber-3.0.3.tgz#3ce76810c5928d03352301ac287317f11c0b1ffc"

lodash.isplainobject@^4.0.6:
  version "4.0.6"
  resolved "https://registry.yarnpkg.com/lodash.isplainobject/-/lodash.isplainobject-4.0.6.tgz#7c526a52d89b45c45cc690b88163be0497f550cb"

lodash.isstring@^4.0.1:
  version "4.0.1"
  resolved "https://registry.yarnpkg.com/lodash.isstring/-/lodash.isstring-4.0.1.tgz#d527dfb5456eca7cc9bb95d5daeaf88ba54a5451"

lodash.once@^4.0.0:
  version "4.1.1"
  resolved "https://registry.yarnpkg.com/lodash.once/-/lodash.once-4.1.1.tgz#0dd3971213c7c56df880977d504c88fb471a97ac"

lodash@^4.0.0:
  version "4.17.5"
  resolved "https://registry.yarnpkg.com/lodash/-/lodash-4.17.5.tgz#99a92d65c0272debe8c96b6057bc8fbfa3bed511"

long@~2.1.0:
  version "2.1.0"
  resolved "https://registry.yarnpkg.com/long/-/long-2.1.0.tgz#e97939a21a656b7a88ba871ca34aaf32b25c0cb1"

media-typer@0.3.0:
  version "0.3.0"
  resolved "https://registry.yarnpkg.com/media-typer/-/media-typer-0.3.0.tgz#8710d7af0aa626f8fffa1ce00168545263255748"

merge-descriptors@1.0.1:
  version "1.0.1"
  resolved "https://registry.yarnpkg.com/merge-descriptors/-/merge-descriptors-1.0.1.tgz#b00aaa556dd8b44568150ec9d1b953f3f90cbb61"

methods@~1.1.2:
  version "1.1.2"
  resolved "https://registry.yarnpkg.com/methods/-/methods-1.1.2.tgz#5529a4d67654134edcc5266656835b0f851afcee"

mime-db@~1.33.0:
  version "1.33.0"
  resolved "https://registry.yarnpkg.com/mime-db/-/mime-db-1.33.0.tgz#a3492050a5cb9b63450541e39d9788d2272783db"

mime-types@^2.1.12, mime-types@~2.1.16, mime-types@~2.1.17, mime-types@~2.1.18, mime-types@~2.1.7:
  version "2.1.18"
  resolved "https://registry.yarnpkg.com/mime-types/-/mime-types-2.1.18.tgz#6f323f60a83d11146f831ff11fd66e2fe5503bb8"
  dependencies:
    mime-db "~1.33.0"

mime@1.4.1:
  version "1.4.1"
  resolved "https://registry.yarnpkg.com/mime/-/mime-1.4.1.tgz#121f9ebc49e3766f311a76e1fa1c8003c4b03aa6"

minimist@^0.1.0:
  version "0.1.0"
  resolved "https://registry.yarnpkg.com/minimist/-/minimist-0.1.0.tgz#99df657a52574c21c9057497df742790b2b4c0de"

morgan@^1.9.0:
  version "1.9.0"
  resolved "https://registry.yarnpkg.com/morgan/-/morgan-1.9.0.tgz#d01fa6c65859b76fcf31b3cb53a3821a311d8051"
  dependencies:
    basic-auth "~2.0.0"
    debug "2.6.9"
    depd "~1.1.1"
    on-finished "~2.3.0"
    on-headers "~1.0.1"

ms@0.7.1:
  version "0.7.1"
  resolved "https://registry.yarnpkg.com/ms/-/ms-0.7.1.tgz#9cd13c03adbff25b65effde7ce864ee952017098"

ms@2.0.0:
  version "2.0.0"
  resolved "https://registry.yarnpkg.com/ms/-/ms-2.0.0.tgz#5608aeadfc00be6c2901df5f9861788de0d597c8"

ms@^2.1.1:
  version "2.1.1"
  resolved "https://registry.yarnpkg.com/ms/-/ms-2.1.1.tgz#30a5864eb3ebb0a66f2ebe6d727af06a09d86e0a"

nan@^2.0.0:
  version "2.9.2"
  resolved "https://registry.yarnpkg.com/nan/-/nan-2.9.2.tgz#f564d75f5f8f36a6d9456cca7a6c4fe488ab7866"

negotiator@0.6.1:
  version "0.6.1"
  resolved "https://registry.yarnpkg.com/negotiator/-/negotiator-0.6.1.tgz#2b327184e8992101177b28563fb5e7102acd0ca9"

node-biginteger@^0.0.10:
  version "0.0.10"
  resolved "https://registry.yarnpkg.com/node-biginteger/-/node-biginteger-0.0.10.tgz#232b373e74d1cb8cf7223e37b36284426e333e1c"
  dependencies:
    clone "~0.2.0"
    long "~2.1.0"

nodemailer@^4.6.0:
  version "4.6.0"
  resolved "https://registry.yarnpkg.com/nodemailer/-/nodemailer-4.6.0.tgz#b99391435aabbd34b74a1283112fbdfd34f7eb8f"

oauth-sign@~0.8.1, oauth-sign@~0.8.2:
  version "0.8.2"
  resolved "https://registry.yarnpkg.com/oauth-sign/-/oauth-sign-0.8.2.tgz#46a6ab7f0aead8deae9ec0565780b7d4efeb9d43"

object-component@0.0.3:
  version "0.0.3"
  resolved "https://registry.yarnpkg.com/object-component/-/object-component-0.0.3.tgz#f0c69aa50efc95b866c186f400a33769cb2f1291"

on-finished@~2.3.0:
  version "2.3.0"
  resolved "https://registry.yarnpkg.com/on-finished/-/on-finished-2.3.0.tgz#20f1336481b083cd75337992a16971aa2d906947"
  dependencies:
    ee-first "1.1.1"

on-headers@~1.0.1:
  version "1.0.1"
  resolved "https://registry.yarnpkg.com/on-headers/-/on-headers-1.0.1.tgz#928f5d0f470d49342651ea6794b0857c100693f7"

orientjs-native@^2.2.0:
  version "2.2.2"
  resolved "https://registry.yarnpkg.com/orientjs-native/-/orientjs-native-2.2.2.tgz#f456ff89b9718867f04765e7dd82a8d5aa817c2b"
  dependencies:
    bindings "~1.2.1"
    nan "^2.0.0"

orientjs@^2.2.7:
  version "2.2.8"
  resolved "https://registry.yarnpkg.com/orientjs/-/orientjs-2.2.8.tgz#36641c8694868aa9be7f294d78e9765d9c349547"
  dependencies:
    bluebird "~2.9.2"
    fast.js "^0.1.1"
    node-biginteger "^0.0.10"
    parse-function "^2.0.0"
    request "~2.81.0"
    yargs "~1.2.1"
  optionalDependencies:
    orientjs-native "^2.2.0"

parse-function@^2.0.0:
  version "2.3.2"
  resolved "https://registry.yarnpkg.com/parse-function/-/parse-function-2.3.2.tgz#dfd587a986118024b6683c30cf250cf5430d2439"
  dependencies:
    acorn "^3.1.0"
    define-property "^0.2.5"

parseqs@0.0.5:
  version "0.0.5"
  resolved "https://registry.yarnpkg.com/parseqs/-/parseqs-0.0.5.tgz#d5208a3738e46766e291ba2ea173684921a8b89d"
  dependencies:
    better-assert "~1.0.0"

parseuri@0.0.5:
  version "0.0.5"
  resolved "https://registry.yarnpkg.com/parseuri/-/parseuri-0.0.5.tgz#80204a50d4dbb779bfdc6ebe2778d90e4bce320a"
  dependencies:
    better-assert "~1.0.0"

parseurl@~1.3.2:
  version "1.3.2"
  resolved "https://registry.yarnpkg.com/parseurl/-/parseurl-1.3.2.tgz#fc289d4ed8993119460c156253262cdc8de65bf3"

path-to-regexp@0.1.7:
  version "0.1.7"
  resolved "https://registry.yarnpkg.com/path-to-regexp/-/path-to-regexp-0.1.7.tgz#df604178005f522f15eb4490e7247a1bfaa67f8c"

performance-now@^0.2.0:
  version "0.2.0"
  resolved "https://registry.yarnpkg.com/performance-now/-/performance-now-0.2.0.tgz#33ef30c5c77d4ea21c5a53869d91b56d8f2555e5"

performance-now@^2.1.0:
  version "2.1.0"
  resolved "https://registry.yarnpkg.com/performance-now/-/performance-now-2.1.0.tgz#6309f4e0e5fa913ec1c69307ae364b4b377c9e7b"

proxy-addr@~2.0.2:
  version "2.0.3"
  resolved "https://registry.yarnpkg.com/proxy-addr/-/proxy-addr-2.0.3.tgz#355f262505a621646b3130a728eb647e22055341"
  dependencies:
    forwarded "~0.1.2"
    ipaddr.js "1.6.0"

punycode@1.3.2:
  version "1.3.2"
  resolved "https://registry.yarnpkg.com/punycode/-/punycode-1.3.2.tgz#9653a036fb7c1ee42342f2325cceefea3926c48d"

punycode@^1.4.1:
  version "1.4.1"
  resolved "https://registry.yarnpkg.com/punycode/-/punycode-1.4.1.tgz#c0d5a63b2718800ad8e1eb0fa5269c84dd41845e"

qs@6.5.1, qs@~6.5.1:
  version "6.5.1"
  resolved "https://registry.yarnpkg.com/qs/-/qs-6.5.1.tgz#349cdf6eef89ec45c12d7d5eb3fc0c870343a6d8"

qs@~6.4.0:
  version "6.4.0"
  resolved "https://registry.yarnpkg.com/qs/-/qs-6.4.0.tgz#13e26d28ad6b0ffaa91312cd3bf708ed351e7233"

querystring@0.2.0:
  version "0.2.0"
  resolved "https://registry.yarnpkg.com/querystring/-/querystring-0.2.0.tgz#b209849203bb25df820da756e747005878521620"

range-parser@~1.2.0:
  version "1.2.0"
  resolved "https://registry.yarnpkg.com/range-parser/-/range-parser-1.2.0.tgz#f49be6b487894ddc40dcc94a322f611092e00d5e"

raw-body@2.3.2:
  version "2.3.2"
  resolved "https://registry.yarnpkg.com/raw-body/-/raw-body-2.3.2.tgz#bcd60c77d3eb93cde0050295c3f379389bc88f89"
  dependencies:
    bytes "3.0.0"
    http-errors "1.6.2"
    iconv-lite "0.4.19"
    unpipe "1.0.0"

request@^2.83.0:
  version "2.83.0"
  resolved "https://registry.yarnpkg.com/request/-/request-2.83.0.tgz#ca0b65da02ed62935887808e6f510381034e3356"
  dependencies:
    aws-sign2 "~0.7.0"
    aws4 "^1.6.0"
    caseless "~0.12.0"
    combined-stream "~1.0.5"
    extend "~3.0.1"
    forever-agent "~0.6.1"
    form-data "~2.3.1"
    har-validator "~5.0.3"
    hawk "~6.0.2"
    http-signature "~1.2.0"
    is-typedarray "~1.0.0"
    isstream "~0.1.2"
    json-stringify-safe "~5.0.1"
    mime-types "~2.1.17"
    oauth-sign "~0.8.2"
    performance-now "^2.1.0"
    qs "~6.5.1"
    safe-buffer "^5.1.1"
    stringstream "~0.0.5"
    tough-cookie "~2.3.3"
    tunnel-agent "^0.6.0"
    uuid "^3.1.0"

request@~2.81.0:
  version "2.81.0"
  resolved "https://registry.yarnpkg.com/request/-/request-2.81.0.tgz#c6928946a0e06c5f8d6f8a9333469ffda46298a0"
  dependencies:
    aws-sign2 "~0.6.0"
    aws4 "^1.2.1"
    caseless "~0.12.0"
    combined-stream "~1.0.5"
    extend "~3.0.0"
    forever-agent "~0.6.1"
    form-data "~2.1.1"
    har-validator "~4.2.1"
    hawk "~3.1.3"
    http-signature "~1.1.0"
    is-typedarray "~1.0.0"
    isstream "~0.1.2"
    json-stringify-safe "~5.0.1"
    mime-types "~2.1.7"
    oauth-sign "~0.8.1"
    performance-now "^0.2.0"
    qs "~6.4.0"
    safe-buffer "^5.0.1"
    stringstream "~0.0.4"
    tough-cookie "~2.3.0"
    tunnel-agent "^0.6.0"
    uuid "^3.0.0"

safe-buffer@5.1.1, safe-buffer@^5.0.1, safe-buffer@^5.1.1, safe-buffer@~5.1.0:
  version "5.1.1"
  resolved "https://registry.yarnpkg.com/safe-buffer/-/safe-buffer-5.1.1.tgz#893312af69b2123def71f57889001671eeb2c853"

sax@1.2.1:
  version "1.2.1"
  resolved "https://registry.yarnpkg.com/sax/-/sax-1.2.1.tgz#7b8e656190b228e81a66aea748480d828cd2d37a"

sax@>=0.6.0:
  version "1.2.4"
  resolved "https://registry.yarnpkg.com/sax/-/sax-1.2.4.tgz#2816234e2378bddc4e5354fab5caa895df7100d9"

send@0.16.1:
  version "0.16.1"
  resolved "https://registry.yarnpkg.com/send/-/send-0.16.1.tgz#a70e1ca21d1382c11d0d9f6231deb281080d7ab3"
  dependencies:
    debug "2.6.9"
    depd "~1.1.1"
    destroy "~1.0.4"
    encodeurl "~1.0.1"
    escape-html "~1.0.3"
    etag "~1.8.1"
    fresh "0.5.2"
    http-errors "~1.6.2"
    mime "1.4.1"
    ms "2.0.0"
    on-finished "~2.3.0"
    range-parser "~1.2.0"
    statuses "~1.3.1"

serve-static@1.13.1:
  version "1.13.1"
  resolved "https://registry.yarnpkg.com/serve-static/-/serve-static-1.13.1.tgz#4c57d53404a761d8f2e7c1e8a18a47dbf278a719"
  dependencies:
    encodeurl "~1.0.1"
    escape-html "~1.0.3"
    parseurl "~1.3.2"
    send "0.16.1"

setprototypeof@1.0.3:
  version "1.0.3"
  resolved "https://registry.yarnpkg.com/setprototypeof/-/setprototypeof-1.0.3.tgz#66567e37043eeb4f04d91bd658c0cbefb55b8e04"

setprototypeof@1.1.0:
  version "1.1.0"
  resolved "https://registry.yarnpkg.com/setprototypeof/-/setprototypeof-1.1.0.tgz#d0bd85536887b6fe7c0d818cb962d9d91c54e656"

sntp@1.x.x:
  version "1.0.9"
  resolved "https://registry.yarnpkg.com/sntp/-/sntp-1.0.9.tgz#6541184cc90aeea6c6e7b35e2659082443c66198"
  dependencies:
    hoek "2.x.x"

sntp@2.x.x:
  version "2.1.0"
  resolved "https://registry.yarnpkg.com/sntp/-/sntp-2.1.0.tgz#2c6cec14fedc2222739caf9b5c3d85d1cc5a2cc8"
  dependencies:
    hoek "4.x.x"

socket.io-adapter@~1.1.0:
  version "1.1.1"
  resolved "https://registry.yarnpkg.com/socket.io-adapter/-/socket.io-adapter-1.1.1.tgz#2a805e8a14d6372124dd9159ad4502f8cb07f06b"

socket.io-client@2.0.4:
  version "2.0.4"
  resolved "https://registry.yarnpkg.com/socket.io-client/-/socket.io-client-2.0.4.tgz#0918a552406dc5e540b380dcd97afc4a64332f8e"
  dependencies:
    backo2 "1.0.2"
    base64-arraybuffer "0.1.5"
    component-bind "1.0.0"
    component-emitter "1.2.1"
    debug "~2.6.4"
    engine.io-client "~3.1.0"
    has-cors "1.1.0"
    indexof "0.0.1"
    object-component "0.0.3"
    parseqs "0.0.5"
    parseuri "0.0.5"
    socket.io-parser "~3.1.1"
    to-array "0.1.4"

socket.io-parser@~3.1.1:
  version "3.1.2"
  resolved "https://registry.yarnpkg.com/socket.io-parser/-/socket.io-parser-3.1.2.tgz#dbc2282151fc4faebbe40aeedc0772eba619f7f2"
  dependencies:
    component-emitter "1.2.1"
    debug "~2.6.4"
    has-binary2 "~1.0.2"
    isarray "2.0.1"

socket.io-stream@^0.9.1:
  version "0.9.1"
  resolved "https://registry.yarnpkg.com/socket.io-stream/-/socket.io-stream-0.9.1.tgz#421258316288b83ac693b0d43efd09d6d43aba97"
  dependencies:
    component-bind "~1.0.0"
    debug "~2.2.0"

socket.io@^2.0.4:
  version "2.0.4"
  resolved "https://registry.yarnpkg.com/socket.io/-/socket.io-2.0.4.tgz#c1a4590ceff87ecf13c72652f046f716b29e6014"
  dependencies:
    debug "~2.6.6"
    engine.io "~3.1.0"
    socket.io-adapter "~1.1.0"
    socket.io-client "2.0.4"
    socket.io-parser "~3.1.1"

speedtest-net@^1.4.2:
  version "1.4.2"
  resolved "https://registry.yarnpkg.com/speedtest-net/-/speedtest-net-1.4.2.tgz#f6b37e0de14284536660b0068733969d711d9871"
  dependencies:
    chalk "^1.1.3"
    draftlog "^1.0.12"
    http-proxy-agent "^2.0.0"
    https-proxy-agent "^2.1.1"
    xml2js "^0.4.4"

sshpk@^1.7.0:
  version "1.13.1"
  resolved "https://registry.yarnpkg.com/sshpk/-/sshpk-1.13.1.tgz#512df6da6287144316dc4c18fe1cf1d940739be3"
  dependencies:
    asn1 "~0.2.3"
    assert-plus "^1.0.0"
    dashdash "^1.12.0"
    getpass "^0.1.1"
  optionalDependencies:
    bcrypt-pbkdf "^1.0.0"
    ecc-jsbn "~0.1.1"
    jsbn "~0.1.0"
    tweetnacl "~0.14.0"

"statuses@>= 1.3.1 < 2":
  version "1.4.0"
  resolved "https://registry.yarnpkg.com/statuses/-/statuses-1.4.0.tgz#bb73d446da2796106efcc1b601a253d6c46bd087"

statuses@~1.3.1:
  version "1.3.1"
  resolved "https://registry.yarnpkg.com/statuses/-/statuses-1.3.1.tgz#faf51b9eb74aaef3b3acf4ad5f61abf24cb7b93e"

stringstream@~0.0.4, stringstream@~0.0.5:
  version "0.0.5"
  resolved "https://registry.yarnpkg.com/stringstream/-/stringstream-0.0.5.tgz#4e484cd4de5a0bbbee18e46307710a8a81621878"

strip-ansi@^3.0.0:
  version "3.0.1"
  resolved "https://registry.yarnpkg.com/strip-ansi/-/strip-ansi-3.0.1.tgz#6a385fb8853d952d5ff05d0e8aaf94278dc63dcf"
  dependencies:
    ansi-regex "^2.0.0"

supports-color@^2.0.0:
  version "2.0.0"
  resolved "https://registry.yarnpkg.com/supports-color/-/supports-color-2.0.0.tgz#535d045ce6b6363fa40117084629995e9df324c7"

to-array@0.1.4:
  version "0.1.4"
  resolved "https://registry.yarnpkg.com/to-array/-/to-array-0.1.4.tgz#17e6c11f73dd4f3d74cda7a4ff3238e9ad9bf890"

tough-cookie@~2.3.0, tough-cookie@~2.3.3:
  version "2.3.3"
  resolved "https://registry.yarnpkg.com/tough-cookie/-/tough-cookie-2.3.3.tgz#0b618a5565b6dea90bf3425d04d55edc475a7561"
  dependencies:
    punycode "^1.4.1"

tunnel-agent@^0.6.0:
  version "0.6.0"
  resolved "https://registry.yarnpkg.com/tunnel-agent/-/tunnel-agent-0.6.0.tgz#27a5dea06b36b04a0a9966774b290868f0fc40fd"
  dependencies:
    safe-buffer "^5.0.1"

tweetnacl@^0.14.3, tweetnacl@~0.14.0:
  version "0.14.5"
  resolved "https://registry.yarnpkg.com/tweetnacl/-/tweetnacl-0.14.5.tgz#5ae68177f192d4456269d108afa93ff8743f4f64"

type-is@~1.6.15:
  version "1.6.16"
  resolved "https://registry.yarnpkg.com/type-is/-/type-is-1.6.16.tgz#f89ce341541c672b25ee7ae3c73dee3b2be50194"
  dependencies:
    media-typer "0.3.0"
    mime-types "~2.1.18"

ultron@~1.1.0:
  version "1.1.1"
  resolved "https://registry.yarnpkg.com/ultron/-/ultron-1.1.1.tgz#9fe1536a10a664a65266a1e3ccf85fd36302bc9c"

unpipe@1.0.0, unpipe@~1.0.0:
  version "1.0.0"
  resolved "https://registry.yarnpkg.com/unpipe/-/unpipe-1.0.0.tgz#b2bf4ee8514aae6165b4817829d21b2ef49904ec"

url@0.10.3:
  version "0.10.3"
  resolved "https://registry.yarnpkg.com/url/-/url-0.10.3.tgz#021e4d9c7705f21bbf37d03ceb58767402774c64"
  dependencies:
    punycode "1.3.2"
    querystring "0.2.0"

utils-merge@1.0.1:
  version "1.0.1"
  resolved "https://registry.yarnpkg.com/utils-merge/-/utils-merge-1.0.1.tgz#9f95710f50a267947b2ccc124741c1028427e713"

uuid@3.1.0:
  version "3.1.0"
  resolved "https://registry.yarnpkg.com/uuid/-/uuid-3.1.0.tgz#3dd3d3e790abc24d7b0d3a034ffababe28ebbc04"

uuid@^3.0.0, uuid@^3.1.0:
  version "3.2.1"
  resolved "https://registry.yarnpkg.com/uuid/-/uuid-3.2.1.tgz#12c528bb9d58d0b9265d9a2f6f0fe8be17ff1f14"

uws@~9.14.0:
  version "9.14.0"
  resolved "https://registry.yarnpkg.com/uws/-/uws-9.14.0.tgz#fac8386befc33a7a3705cbd58dc47b430ca4dd95"

vary@~1.1.2:
  version "1.1.2"
  resolved "https://registry.yarnpkg.com/vary/-/vary-1.1.2.tgz#2299f02c6ded30d4a5961b0b9f74524a18f634fc"

verror@1.10.0:
  version "1.10.0"
  resolved "https://registry.yarnpkg.com/verror/-/verror-1.10.0.tgz#3a105ca17053af55d6e270c1f8288682e18da400"
  dependencies:
    assert-plus "^1.0.0"
    core-util-is "1.0.2"
    extsprintf "^1.2.0"

ws@~3.3.1:
  version "3.3.3"
  resolved "https://registry.yarnpkg.com/ws/-/ws-3.3.3.tgz#f1cf84fe2d5e901ebce94efaece785f187a228f2"
  dependencies:
    async-limiter "~1.0.0"
    safe-buffer "~5.1.0"
    ultron "~1.1.0"

xml2js@0.4.17:
  version "0.4.17"
  resolved "https://registry.yarnpkg.com/xml2js/-/xml2js-0.4.17.tgz#17be93eaae3f3b779359c795b419705a8817e868"
  dependencies:
    sax ">=0.6.0"
    xmlbuilder "^4.1.0"

xml2js@^0.4.4:
  version "0.4.19"
  resolved "https://registry.yarnpkg.com/xml2js/-/xml2js-0.4.19.tgz#686c20f213209e94abf0d1bcf1efaa291c7827a7"
  dependencies:
    sax ">=0.6.0"
    xmlbuilder "~9.0.1"

xmlbuilder@4.2.1, xmlbuilder@^4.1.0:
  version "4.2.1"
  resolved "https://registry.yarnpkg.com/xmlbuilder/-/xmlbuilder-4.2.1.tgz#aa58a3041a066f90eaa16c2f5389ff19f3f461a5"
  dependencies:
    lodash "^4.0.0"

xmlbuilder@~9.0.1:
  version "9.0.7"
  resolved "https://registry.yarnpkg.com/xmlbuilder/-/xmlbuilder-9.0.7.tgz#132ee63d2ec5565c557e20f4c22df9aca686b10d"

xmlhttprequest-ssl@~1.5.4:
  version "1.5.5"
  resolved "https://registry.yarnpkg.com/xmlhttprequest-ssl/-/xmlhttprequest-ssl-1.5.5.tgz#c2876b06168aadc40e57d97e81191ac8f4398b3e"

xtend@^4.0.1:
  version "4.0.1"
  resolved "https://registry.yarnpkg.com/xtend/-/xtend-4.0.1.tgz#a5c6d532be656e23db820efb943a1f04998d63af"

yargs@~1.2.1:
  version "1.2.6"
  resolved "https://registry.yarnpkg.com/yargs/-/yargs-1.2.6.tgz#9c7b4a82fd5d595b2bf17ab6dcc43135432fe34b"
  dependencies:
    minimist "^0.1.0"

yeast@0.1.2:
  version "0.1.2"
  resolved "https://registry.yarnpkg.com/yeast/-/yeast-0.1.2.tgz#008e06d8094320c372dbc2f8ed76a0ca6c8ac419"
